// !$*UTF8*$!
{
	archiveVersion = 1;
	classes = {
	};
	objectVersion = 46;
	objects = {

/* Begin PBXBuildFile section */
		1B04ADC713D947CE00ACE7D9 /* UVCharDataXMLImporterDelegate.m in Sources */ = {isa = PBXBuildFile; fileRef = 1B04ADC613D947CE00ACE7D9 /* UVCharDataXMLImporterDelegate.m */; };
		1B04ADCB13D94FC200ACE7D9 /* UVCharRepository.m in Sources */ = {isa = PBXBuildFile; fileRef = 1B04ADCA13D94FC200ACE7D9 /* UVCharRepository.m */; };
		1B06236A13D9CBC40013C59D /* UVCoreDataHelp.m in Sources */ = {isa = PBXBuildFile; fileRef = 1B06236913D9CBC40013C59D /* UVCoreDataHelp.m */; };
		1B06236C13D9D9E70013C59D /* UVDB.sqlite in Resources */ = {isa = PBXBuildFile; fileRef = 1B06236B13D9D9E70013C59D /* UVDB.sqlite */; };
		1B1A96CF13C08F5D001E2AD5 /* UIKit.framework in Frameworks */ = {isa = PBXBuildFile; fileRef = 1B1A96CE13C08F5D001E2AD5 /* UIKit.framework */; };
		1B1A96D113C08F5D001E2AD5 /* Foundation.framework in Frameworks */ = {isa = PBXBuildFile; fileRef = 1B1A96D013C08F5D001E2AD5 /* Foundation.framework */; };
		1B1A96D313C08F5D001E2AD5 /* CoreGraphics.framework in Frameworks */ = {isa = PBXBuildFile; fileRef = 1B1A96D213C08F5D001E2AD5 /* CoreGraphics.framework */; };
		1B1A96D913C08F5D001E2AD5 /* InfoPlist.strings in Resources */ = {isa = PBXBuildFile; fileRef = 1B1A96D713C08F5D001E2AD5 /* InfoPlist.strings */; };
		1B1A96DC13C08F5D001E2AD5 /* main.m in Sources */ = {isa = PBXBuildFile; fileRef = 1B1A96DB13C08F5D001E2AD5 /* main.m */; };
		1B1A96DF13C08F5D001E2AD5 /* UnicodeViewerAppDelegate.m in Sources */ = {isa = PBXBuildFile; fileRef = 1B1A96DE13C08F5D001E2AD5 /* UnicodeViewerAppDelegate.m */; };
		1B1A96E213C08F5D001E2AD5 /* MainWindow.xib in Resources */ = {isa = PBXBuildFile; fileRef = 1B1A96E013C08F5D001E2AD5 /* MainWindow.xib */; };
		1B1A96F513C08F5D001E2AD5 /* UIKit.framework in Frameworks */ = {isa = PBXBuildFile; fileRef = 1B1A96CE13C08F5D001E2AD5 /* UIKit.framework */; };
		1B1A96F613C08F5D001E2AD5 /* Foundation.framework in Frameworks */ = {isa = PBXBuildFile; fileRef = 1B1A96D013C08F5D001E2AD5 /* Foundation.framework */; };
		1B1A96F713C08F5D001E2AD5 /* CoreGraphics.framework in Frameworks */ = {isa = PBXBuildFile; fileRef = 1B1A96D213C08F5D001E2AD5 /* CoreGraphics.framework */; };
		1B1A96FF13C08F5D001E2AD5 /* InfoPlist.strings in Resources */ = {isa = PBXBuildFile; fileRef = 1B1A96FD13C08F5D001E2AD5 /* InfoPlist.strings */; };
		1B1A970213C08F5D001E2AD5 /* UnicodeViewerTests.h in Resources */ = {isa = PBXBuildFile; fileRef = 1B1A970113C08F5D001E2AD5 /* UnicodeViewerTests.h */; };
		1B1A970413C08F5D001E2AD5 /* UnicodeViewerTests.m in Sources */ = {isa = PBXBuildFile; fileRef = 1B1A970313C08F5D001E2AD5 /* UnicodeViewerTests.m */; };
		1B1A971013C09706001E2AD5 /* UnicodeListViewController.m in Sources */ = {isa = PBXBuildFile; fileRef = 1B1A970E13C09706001E2AD5 /* UnicodeListViewController.m */; };
		1B1A971113C09706001E2AD5 /* UnicodeListViewController.xib in Resources */ = {isa = PBXBuildFile; fileRef = 1B1A970F13C09706001E2AD5 /* UnicodeListViewController.xib */; };
		1B3F648213CEC5C80065917A /* UVModel.xcdatamodeld in Sources */ = {isa = PBXBuildFile; fileRef = 1B3F648013CEC5C80065917A /* UVModel.xcdatamodeld */; };
		1B9E7DC713C0C62300ABD69D /* UnicodeDetailViewController.m in Sources */ = {isa = PBXBuildFile; fileRef = 1B9E7DC513C0C62300ABD69D /* UnicodeDetailViewController.m */; };
		1B9E7DC813C0C62300ABD69D /* UVDetailTableViewHeader.xib in Resources */ = {isa = PBXBuildFile; fileRef = 1B9E7DC613C0C62300ABD69D /* UVDetailTableViewHeader.xib */; };
		1B9E7DCC13C0D44000ABD69D /* CopyLabel.m in Sources */ = {isa = PBXBuildFile; fileRef = 1B9E7DCB13C0D44000ABD69D /* CopyLabel.m */; };
		1BAB62B313CF3FDA00EC0827 /* uni-blocks-6.0.0.txt in Resources */ = {isa = PBXBuildFile; fileRef = 1BAB62B213CF3FDA00EC0827 /* uni-blocks-6.0.0.txt */; };
		1BAB62B513CF400A00EC0827 /* uni-grouped-6.0.0.xml in Resources */ = {isa = PBXBuildFile; fileRef = 1BAB62B413CF400A00EC0827 /* uni-grouped-6.0.0.xml */; };
		1BAB62B813CF40AE00EC0827 /* UVDataImporter.m in Sources */ = {isa = PBXBuildFile; fileRef = 1BAB62B713CF40AE00EC0827 /* UVDataImporter.m */; };
		1BAB62BC13CF429D00EC0827 /* UVBlockListViewController.m in Sources */ = {isa = PBXBuildFile; fileRef = 1BAB62BA13CF429D00EC0827 /* UVBlockListViewController.m */; };
		1BAB62BD13CF429D00EC0827 /* UVBlockListViewController.xib in Resources */ = {isa = PBXBuildFile; fileRef = 1BAB62BB13CF429D00EC0827 /* UVBlockListViewController.xib */; };
		1BCCF22113CC34D5002582FB /* star-d.png in Resources */ = {isa = PBXBuildFile; fileRef = 1BCCF21F13CC34D5002582FB /* star-d.png */; };
		1BCCF22213CC34D5002582FB /* heart-d.png in Resources */ = {isa = PBXBuildFile; fileRef = 1BCCF22013CC34D5002582FB /* heart-d.png */; };
		1BCCF22513CC3526002582FB /* tag-d.png in Resources */ = {isa = PBXBuildFile; fileRef = 1BCCF22413CC3526002582FB /* tag-d.png */; };
		1BCCF22813CC35D9002582FB /* star-l.png in Resources */ = {isa = PBXBuildFile; fileRef = 1BCCF22613CC35D9002582FB /* star-l.png */; };
		1BCCF22913CC35D9002582FB /* heart-l.png in Resources */ = {isa = PBXBuildFile; fileRef = 1BCCF22713CC35D9002582FB /* heart-l.png */; };
		1BD38F2913CA414B0017FC59 /* tag-l.png in Resources */ = {isa = PBXBuildFile; fileRef = 1BD38F2813CA414A0017FC59 /* tag-l.png */; };
		1BF3E4EF13F40520009F401E /* UVCharListTableViewCell.xib in Resources */ = {isa = PBXBuildFile; fileRef = 1BF3E4EE13F40520009F401E /* UVCharListTableViewCell.xib */; };
		1BF3E4F313F40F62009F401E /* UVCharListTableViewCell.m in Sources */ = {isa = PBXBuildFile; fileRef = 1BF3E4F213F40F62009F401E /* UVCharListTableViewCell.m */; };
		550D95FC14605EA6008D1416 /* marker.png in Resources */ = {isa = PBXBuildFile; fileRef = 550D95FA14605EA6008D1416 /* marker.png */; };
		550D95FD14605EA6008D1416 /* marker@2x.png in Resources */ = {isa = PBXBuildFile; fileRef = 550D95FB14605EA6008D1416 /* marker@2x.png */; };
		550D96011460611E008D1416 /* UVCharEncodingHelper.m in Sources */ = {isa = PBXBuildFile; fileRef = 550D96001460611E008D1416 /* UVCharEncodingHelper.m */; };
		551A13CF14116261000053DC /* UVSearchViewController.m in Sources */ = {isa = PBXBuildFile; fileRef = 551A13CD14116261000053DC /* UVSearchViewController.m */; };
		551A13D014116261000053DC /* UVSearchViewController.xib in Resources */ = {isa = PBXBuildFile; fileRef = 551A13CE14116261000053DC /* UVSearchViewController.xib */; };
		552BCF32145308C400DCF4C7 /* UVFavoritCharRepository.m in Sources */ = {isa = PBXBuildFile; fileRef = 552BCF31145308C400DCF4C7 /* UVFavoritCharRepository.m */; };
		55328426146DC3CA00CE99D5 /* UVSearchActivityOverlay.xib in Resources */ = {isa = PBXBuildFile; fileRef = 55328425146DC3CA00CE99D5 /* UVSearchActivityOverlay.xib */; };
		553D3E771451F0D1006C305F /* UVFavoritChar.m in Sources */ = {isa = PBXBuildFile; fileRef = 553D3E761451F0D1006C305F /* UVFavoritChar.m */; };
		553D3E7D1451F112006C305F /* UVBlock.m in Sources */ = {isa = PBXBuildFile; fileRef = 553D3E7C1451F112006C305F /* UVBlock.m */; };
		555C84FA145C8399006191B0 /* UnicodeDetailViewController.xib in Resources */ = {isa = PBXBuildFile; fileRef = 555C84F9145C8399006191B0 /* UnicodeDetailViewController.xib */; };
		555C84FD145C8906006191B0 /* UVCharEncodingTableViewCell.m in Sources */ = {isa = PBXBuildFile; fileRef = 555C84FC145C8906006191B0 /* UVCharEncodingTableViewCell.m */; };
		555C84FF145C8935006191B0 /* UVCharEncodingTableViewCell.xib in Resources */ = {isa = PBXBuildFile; fileRef = 555C84FE145C8935006191B0 /* UVCharEncodingTableViewCell.xib */; };
		5563972813CC99CB00348B25 /* index-cards.png in Resources */ = {isa = PBXBuildFile; fileRef = 5563972713CC99CB00348B25 /* index-cards.png */; };
		5563972A13CC99E000348B25 /* cabinet.png in Resources */ = {isa = PBXBuildFile; fileRef = 5563972913CC99E000348B25 /* cabinet.png */; };
		5563972C13CC99F400348B25 /* shoebox.png in Resources */ = {isa = PBXBuildFile; fileRef = 5563972B13CC99F400348B25 /* shoebox.png */; };
		5563973213CCA0F300348B25 /* logo-512x512.png in Resources */ = {isa = PBXBuildFile; fileRef = 5563972F13CCA0F300348B25 /* logo-512x512.png */; };
		5563973313CCA0F300348B25 /* logo-72x72.png in Resources */ = {isa = PBXBuildFile; fileRef = 5563973013CCA0F300348B25 /* logo-72x72.png */; };
		556A157413EDAC9A00264E95 /* UVFavoriteListViewController.m in Sources */ = {isa = PBXBuildFile; fileRef = 556A157213EDAC9A00264E95 /* UVFavoriteListViewController.m */; };
		556A157513EDAC9A00264E95 /* UVFavoriteListViewController.xib in Resources */ = {isa = PBXBuildFile; fileRef = 556A157313EDAC9A00264E95 /* UVFavoriteListViewController.xib */; };
		556E8B7D1464835700E53291 /* UVCharBlockTableViewCell.m in Sources */ = {isa = PBXBuildFile; fileRef = 556E8B7C1464835700E53291 /* UVCharBlockTableViewCell.m */; };
		556E8B7F1464851700E53291 /* UVCharBlockTableViewCell.xib in Resources */ = {isa = PBXBuildFile; fileRef = 556E8B7E1464851700E53291 /* UVCharBlockTableViewCell.xib */; };
		5573FB7F1437B5530015D001 /* libsqlite-3.6.23.1-fts3-ext.a in Frameworks */ = {isa = PBXBuildFile; fileRef = 5573FB7C1437B53D0015D001 /* libsqlite-3.6.23.1-fts3-ext.a */; };
		5573FB9D1437B69D0015D001 /* libsqlite3.dylib in Frameworks */ = {isa = PBXBuildFile; fileRef = 5573FB9C1437B69D0015D001 /* libsqlite3.dylib */; };
		5573FBB41437B7340015D001 /* FMDatabase.m in Sources */ = {isa = PBXBuildFile; fileRef = 5573FBAF1437B7340015D001 /* FMDatabase.m */; };
		5573FBB51437B7340015D001 /* FMDatabaseAdditions.m in Sources */ = {isa = PBXBuildFile; fileRef = 5573FBB11437B7340015D001 /* FMDatabaseAdditions.m */; };
		5573FBB61437B7340015D001 /* FMResultSet.m in Sources */ = {isa = PBXBuildFile; fileRef = 5573FBB31437B7340015D001 /* FMResultSet.m */; };
		5573FBB91437B77B0015D001 /* UVCharFullTextSearchService.m in Sources */ = {isa = PBXBuildFile; fileRef = 5573FBB81437B77B0015D001 /* UVCharFullTextSearchService.m */; };
		558101851461D9EE003CDCAC /* logo.png in Resources */ = {isa = PBXBuildFile; fileRef = 558101831461D9EE003CDCAC /* logo.png */; };
		558101861461D9EE003CDCAC /* logo@2x.png in Resources */ = {isa = PBXBuildFile; fileRef = 558101841461D9EE003CDCAC /* logo@2x.png */; };
		559F3E0A13D0C83100874BE4 /* CoreData.framework in Frameworks */ = {isa = PBXBuildFile; fileRef = 559F3E0913D0C83100874BE4 /* CoreData.framework */; };
		559F3E0C13D0C85900874BE4 /* CoreData.framework in Frameworks */ = {isa = PBXBuildFile; fileRef = 559F3E0B13D0C85900874BE4 /* CoreData.framework */; };
		55A19038146B1A860040C188 /* bookmark-ribbon.png in Resources */ = {isa = PBXBuildFile; fileRef = 55A19036146B1A860040C188 /* bookmark-ribbon.png */; };
		55A19039146B1A860040C188 /* bookmark-ribbon@2x.png in Resources */ = {isa = PBXBuildFile; fileRef = 55A19037146B1A860040C188 /* bookmark-ribbon@2x.png */; };
		55A1903C146B1E3F0040C188 /* UVFavoritRibbonManager.m in Sources */ = {isa = PBXBuildFile; fileRef = 55A1903B146B1E3F0040C188 /* UVFavoritRibbonManager.m */; };
		55A7CCD014672930001315BE /* UVRelatedChars.m in Sources */ = {isa = PBXBuildFile; fileRef = 55A7CCCF14672930001315BE /* UVRelatedChars.m */; };
		55A7CCD31467294A001315BE /* UVChar.m in Sources */ = {isa = PBXBuildFile; fileRef = 55A7CCD21467294A001315BE /* UVChar.m */; };
		55A7CCD614672A5C001315BE /* UVRelatedCharTableViewCell.m in Sources */ = {isa = PBXBuildFile; fileRef = 55A7CCD514672A5C001315BE /* UVRelatedCharTableViewCell.m */; };
		55A7CCD814672AEF001315BE /* UVRelatedCharTableViewCell.xib in Resources */ = {isa = PBXBuildFile; fileRef = 55A7CCD714672AEF001315BE /* UVRelatedCharTableViewCell.xib */; };
		55BF533013D1EDAF000F4852 /* UVBlockRepository.m in Sources */ = {isa = PBXBuildFile; fileRef = 55BF532F13D1EDAF000F4852 /* UVBlockRepository.m */; };
		55CD98D71438F4D50081B790 /* ios-fabric.png in Resources */ = {isa = PBXBuildFile; fileRef = 55CD98D51438F4D50081B790 /* ios-fabric.png */; };
		55CD98D81438F4D50081B790 /* ios-fabric@2x.png in Resources */ = {isa = PBXBuildFile; fileRef = 55CD98D61438F4D50081B790 /* ios-fabric@2x.png */; };
		55CD98D81438F4D50081B792 /* UVChar+Favorits.m in Sources */ = {isa = PBXBuildFile; fileRef = 55CD98D81438F4D50081B791 /* UVChar+Favorits.m */; };
		55D40AFA145DDF0E00DF3043 /* start-image.png in Resources */ = {isa = PBXBuildFile; fileRef = 55D40AF8145DDF0E00DF3043 /* start-image.png */; };
		55D40AFB145DDF0E00DF3043 /* start-image@2x.png in Resources */ = {isa = PBXBuildFile; fileRef = 55D40AF9145DDF0E00DF3043 /* start-image@2x.png */; };
/* End PBXBuildFile section */

/* Begin PBXContainerItemProxy section */
		1B1A96F813C08F5D001E2AD5 /* PBXContainerItemProxy */ = {
			isa = PBXContainerItemProxy;
			containerPortal = 1B1A96C113C08F5C001E2AD5 /* Project object */;
			proxyType = 1;
			remoteGlobalIDString = 1B1A96C913C08F5C001E2AD5;
			remoteInfo = UnicodeViewer;
		};
		5573FB7B1437B53D0015D001 /* PBXContainerItemProxy */ = {
			isa = PBXContainerItemProxy;
			containerPortal = 5573FB741437B53D0015D001 /* sqlite-fts3-extension.xcodeproj */;
			proxyType = 2;
			remoteGlobalIDString = 342BCD8711D922620069D2C2;
			remoteInfo = "sqlite-3.6.23.1-fts3-ext";
		};
		5573FB7D1437B54D0015D001 /* PBXContainerItemProxy */ = {
			isa = PBXContainerItemProxy;
			containerPortal = 5573FB741437B53D0015D001 /* sqlite-fts3-extension.xcodeproj */;
			proxyType = 1;
			remoteGlobalIDString = 342BCD8611D922620069D2C2;
			remoteInfo = "sqlite-3.6.23.1-fts3-ext";
		};
/* End PBXContainerItemProxy section */

/* Begin PBXFileReference section */
		1B04ADC513D947CD00ACE7D9 /* UVCharDataXMLImporterDelegate.h */ = {isa = PBXFileReference; fileEncoding = 4; lastKnownFileType = sourcecode.c.h; path = UVCharDataXMLImporterDelegate.h; sourceTree = "<group>"; };
		1B04ADC613D947CE00ACE7D9 /* UVCharDataXMLImporterDelegate.m */ = {isa = PBXFileReference; fileEncoding = 4; lastKnownFileType = sourcecode.c.objc; path = UVCharDataXMLImporterDelegate.m; sourceTree = "<group>"; };
		1B04ADC913D94FC200ACE7D9 /* UVCharRepository.h */ = {isa = PBXFileReference; fileEncoding = 4; lastKnownFileType = sourcecode.c.h; path = UVCharRepository.h; sourceTree = "<group>"; };
		1B04ADCA13D94FC200ACE7D9 /* UVCharRepository.m */ = {isa = PBXFileReference; fileEncoding = 4; lastKnownFileType = sourcecode.c.objc; path = UVCharRepository.m; sourceTree = "<group>"; };
		1B06236813D9CBC40013C59D /* UVCoreDataHelp.h */ = {isa = PBXFileReference; fileEncoding = 4; lastKnownFileType = sourcecode.c.h; path = UVCoreDataHelp.h; sourceTree = "<group>"; };
		1B06236913D9CBC40013C59D /* UVCoreDataHelp.m */ = {isa = PBXFileReference; fileEncoding = 4; lastKnownFileType = sourcecode.c.objc; path = UVCoreDataHelp.m; sourceTree = "<group>"; };
		1B06236B13D9D9E70013C59D /* UVDB.sqlite */ = {isa = PBXFileReference; lastKnownFileType = file; path = UVDB.sqlite; sourceTree = "<group>"; };
		1B1A96CA13C08F5D001E2AD5 /* UnicodeViewer.app */ = {isa = PBXFileReference; explicitFileType = wrapper.application; includeInIndex = 0; path = UnicodeViewer.app; sourceTree = BUILT_PRODUCTS_DIR; };
		1B1A96CE13C08F5D001E2AD5 /* UIKit.framework */ = {isa = PBXFileReference; lastKnownFileType = wrapper.framework; name = UIKit.framework; path = System/Library/Frameworks/UIKit.framework; sourceTree = SDKROOT; };
		1B1A96D013C08F5D001E2AD5 /* Foundation.framework */ = {isa = PBXFileReference; lastKnownFileType = wrapper.framework; name = Foundation.framework; path = System/Library/Frameworks/Foundation.framework; sourceTree = SDKROOT; };
		1B1A96D213C08F5D001E2AD5 /* CoreGraphics.framework */ = {isa = PBXFileReference; lastKnownFileType = wrapper.framework; name = CoreGraphics.framework; path = System/Library/Frameworks/CoreGraphics.framework; sourceTree = SDKROOT; };
		1B1A96D613C08F5D001E2AD5 /* UnicodeViewer-Info.plist */ = {isa = PBXFileReference; lastKnownFileType = text.plist.xml; path = "UnicodeViewer-Info.plist"; sourceTree = "<group>"; };
		1B1A96D813C08F5D001E2AD5 /* en */ = {isa = PBXFileReference; lastKnownFileType = text.plist.strings; name = en; path = en.lproj/InfoPlist.strings; sourceTree = "<group>"; };
		1B1A96DA13C08F5D001E2AD5 /* UnicodeViewer-Prefix.pch */ = {isa = PBXFileReference; lastKnownFileType = sourcecode.c.h; path = "UnicodeViewer-Prefix.pch"; sourceTree = "<group>"; };
		1B1A96DB13C08F5D001E2AD5 /* main.m */ = {isa = PBXFileReference; lastKnownFileType = sourcecode.c.objc; path = main.m; sourceTree = "<group>"; };
		1B1A96DD13C08F5D001E2AD5 /* UnicodeViewerAppDelegate.h */ = {isa = PBXFileReference; lastKnownFileType = sourcecode.c.h; path = UnicodeViewerAppDelegate.h; sourceTree = "<group>"; };
		1B1A96DE13C08F5D001E2AD5 /* UnicodeViewerAppDelegate.m */ = {isa = PBXFileReference; lastKnownFileType = sourcecode.c.objc; path = UnicodeViewerAppDelegate.m; sourceTree = "<group>"; };
		1B1A96E113C08F5D001E2AD5 /* en */ = {isa = PBXFileReference; lastKnownFileType = file.xib; name = en; path = en.lproj/MainWindow.xib; sourceTree = "<group>"; };
		1B1A96F413C08F5D001E2AD5 /* UnicodeViewerTests.octest */ = {isa = PBXFileReference; explicitFileType = wrapper.cfbundle; includeInIndex = 0; path = UnicodeViewerTests.octest; sourceTree = BUILT_PRODUCTS_DIR; };
		1B1A96FC13C08F5D001E2AD5 /* UnicodeViewerTests-Info.plist */ = {isa = PBXFileReference; lastKnownFileType = text.plist.xml; path = "UnicodeViewerTests-Info.plist"; sourceTree = "<group>"; };
		1B1A96FE13C08F5D001E2AD5 /* en */ = {isa = PBXFileReference; lastKnownFileType = text.plist.strings; name = en; path = en.lproj/InfoPlist.strings; sourceTree = "<group>"; };
		1B1A970013C08F5D001E2AD5 /* UnicodeViewerTests-Prefix.pch */ = {isa = PBXFileReference; lastKnownFileType = sourcecode.c.h; path = "UnicodeViewerTests-Prefix.pch"; sourceTree = "<group>"; };
		1B1A970113C08F5D001E2AD5 /* UnicodeViewerTests.h */ = {isa = PBXFileReference; lastKnownFileType = sourcecode.c.h; path = UnicodeViewerTests.h; sourceTree = "<group>"; };
		1B1A970313C08F5D001E2AD5 /* UnicodeViewerTests.m */ = {isa = PBXFileReference; lastKnownFileType = sourcecode.c.objc; path = UnicodeViewerTests.m; sourceTree = "<group>"; };
		1B1A970D13C09706001E2AD5 /* UnicodeListViewController.h */ = {isa = PBXFileReference; fileEncoding = 4; lastKnownFileType = sourcecode.c.h; path = UnicodeListViewController.h; sourceTree = "<group>"; };
		1B1A970E13C09706001E2AD5 /* UnicodeListViewController.m */ = {isa = PBXFileReference; fileEncoding = 4; lastKnownFileType = sourcecode.c.objc; path = UnicodeListViewController.m; sourceTree = "<group>"; };
		1B1A970F13C09706001E2AD5 /* UnicodeListViewController.xib */ = {isa = PBXFileReference; fileEncoding = 4; lastKnownFileType = file.xib; path = UnicodeListViewController.xib; sourceTree = "<group>"; };
		1B3F648113CEC5C80065917A /* UVModel.xcdatamodel */ = {isa = PBXFileReference; lastKnownFileType = wrapper.xcdatamodel; path = UVModel.xcdatamodel; sourceTree = "<group>"; };
		1B9E7DC413C0C62300ABD69D /* UnicodeDetailViewController.h */ = {isa = PBXFileReference; fileEncoding = 4; lastKnownFileType = sourcecode.c.h; path = UnicodeDetailViewController.h; sourceTree = "<group>"; };
		1B9E7DC513C0C62300ABD69D /* UnicodeDetailViewController.m */ = {isa = PBXFileReference; fileEncoding = 4; lastKnownFileType = sourcecode.c.objc; path = UnicodeDetailViewController.m; sourceTree = "<group>"; };
		1B9E7DC613C0C62300ABD69D /* UVDetailTableViewHeader.xib */ = {isa = PBXFileReference; fileEncoding = 4; lastKnownFileType = file.xib; path = UVDetailTableViewHeader.xib; sourceTree = "<group>"; };
		1B9E7DCA13C0D44000ABD69D /* CopyLabel.h */ = {isa = PBXFileReference; fileEncoding = 4; lastKnownFileType = sourcecode.c.h; path = CopyLabel.h; sourceTree = "<group>"; };
		1B9E7DCB13C0D44000ABD69D /* CopyLabel.m */ = {isa = PBXFileReference; fileEncoding = 4; lastKnownFileType = sourcecode.c.objc; path = CopyLabel.m; sourceTree = "<group>"; };
		1BAB62B213CF3FDA00EC0827 /* uni-blocks-6.0.0.txt */ = {isa = PBXFileReference; fileEncoding = 4; lastKnownFileType = text; path = "uni-blocks-6.0.0.txt"; sourceTree = "<group>"; };
		1BAB62B413CF400A00EC0827 /* uni-grouped-6.0.0.xml */ = {isa = PBXFileReference; fileEncoding = 4; lastKnownFileType = text.xml; path = "uni-grouped-6.0.0.xml"; sourceTree = "<group>"; };
		1BAB62B613CF40AE00EC0827 /* UVDataImporter.h */ = {isa = PBXFileReference; fileEncoding = 4; lastKnownFileType = sourcecode.c.h; path = UVDataImporter.h; sourceTree = "<group>"; };
		1BAB62B713CF40AE00EC0827 /* UVDataImporter.m */ = {isa = PBXFileReference; fileEncoding = 4; lastKnownFileType = sourcecode.c.objc; path = UVDataImporter.m; sourceTree = "<group>"; };
		1BAB62B913CF429C00EC0827 /* UVBlockListViewController.h */ = {isa = PBXFileReference; fileEncoding = 4; lastKnownFileType = sourcecode.c.h; path = UVBlockListViewController.h; sourceTree = "<group>"; };
		1BAB62BA13CF429D00EC0827 /* UVBlockListViewController.m */ = {isa = PBXFileReference; fileEncoding = 4; lastKnownFileType = sourcecode.c.objc; path = UVBlockListViewController.m; sourceTree = "<group>"; };
		1BAB62BB13CF429D00EC0827 /* UVBlockListViewController.xib */ = {isa = PBXFileReference; fileEncoding = 4; lastKnownFileType = file.xib; path = UVBlockListViewController.xib; sourceTree = "<group>"; };
		1BCCF21F13CC34D5002582FB /* star-d.png */ = {isa = PBXFileReference; lastKnownFileType = image.png; path = "star-d.png"; sourceTree = "<group>"; };
		1BCCF22013CC34D5002582FB /* heart-d.png */ = {isa = PBXFileReference; lastKnownFileType = image.png; path = "heart-d.png"; sourceTree = "<group>"; };
		1BCCF22413CC3526002582FB /* tag-d.png */ = {isa = PBXFileReference; lastKnownFileType = image.png; path = "tag-d.png"; sourceTree = "<group>"; };
		1BCCF22613CC35D9002582FB /* star-l.png */ = {isa = PBXFileReference; lastKnownFileType = image.png; path = "star-l.png"; sourceTree = "<group>"; };
		1BCCF22713CC35D9002582FB /* heart-l.png */ = {isa = PBXFileReference; lastKnownFileType = image.png; path = "heart-l.png"; sourceTree = "<group>"; };
		1BD38F2813CA414A0017FC59 /* tag-l.png */ = {isa = PBXFileReference; lastKnownFileType = image.png; path = "tag-l.png"; sourceTree = "<group>"; };
		1BF3E4EE13F40520009F401E /* UVCharListTableViewCell.xib */ = {isa = PBXFileReference; fileEncoding = 4; lastKnownFileType = file.xib; path = UVCharListTableViewCell.xib; sourceTree = "<group>"; };
		1BF3E4F113F40F61009F401E /* UVCharListTableViewCell.h */ = {isa = PBXFileReference; fileEncoding = 4; lastKnownFileType = sourcecode.c.h; path = UVCharListTableViewCell.h; sourceTree = "<group>"; };
		1BF3E4F213F40F62009F401E /* UVCharListTableViewCell.m */ = {isa = PBXFileReference; fileEncoding = 4; lastKnownFileType = sourcecode.c.objc; path = UVCharListTableViewCell.m; sourceTree = "<group>"; };
		550D95FA14605EA6008D1416 /* marker.png */ = {isa = PBXFileReference; lastKnownFileType = image.png; path = marker.png; sourceTree = "<group>"; };
		550D95FB14605EA6008D1416 /* marker@2x.png */ = {isa = PBXFileReference; lastKnownFileType = image.png; path = "marker@2x.png"; sourceTree = "<group>"; };
		550D95FF1460611E008D1416 /* UVCharEncodingHelper.h */ = {isa = PBXFileReference; fileEncoding = 4; lastKnownFileType = sourcecode.c.h; path = UVCharEncodingHelper.h; sourceTree = "<group>"; };
		550D96001460611E008D1416 /* UVCharEncodingHelper.m */ = {isa = PBXFileReference; fileEncoding = 4; lastKnownFileType = sourcecode.c.objc; path = UVCharEncodingHelper.m; sourceTree = "<group>"; };
		551A13CC14116261000053DC /* UVSearchViewController.h */ = {isa = PBXFileReference; fileEncoding = 4; lastKnownFileType = sourcecode.c.h; path = UVSearchViewController.h; sourceTree = "<group>"; };
		551A13CD14116261000053DC /* UVSearchViewController.m */ = {isa = PBXFileReference; fileEncoding = 4; lastKnownFileType = sourcecode.c.objc; path = UVSearchViewController.m; sourceTree = "<group>"; };
		551A13CE14116261000053DC /* UVSearchViewController.xib */ = {isa = PBXFileReference; fileEncoding = 4; lastKnownFileType = file.xib; path = UVSearchViewController.xib; sourceTree = "<group>"; };
		552BCF30145308C400DCF4C7 /* UVFavoritCharRepository.h */ = {isa = PBXFileReference; fileEncoding = 4; lastKnownFileType = sourcecode.c.h; path = UVFavoritCharRepository.h; sourceTree = "<group>"; };
		552BCF31145308C400DCF4C7 /* UVFavoritCharRepository.m */ = {isa = PBXFileReference; fileEncoding = 4; lastKnownFileType = sourcecode.c.objc; path = UVFavoritCharRepository.m; sourceTree = "<group>"; };
		55328425146DC3CA00CE99D5 /* UVSearchActivityOverlay.xib */ = {isa = PBXFileReference; fileEncoding = 4; lastKnownFileType = file.xib; path = UVSearchActivityOverlay.xib; sourceTree = "<group>"; };
		553D3E751451F0D1006C305F /* UVFavoritChar.h */ = {isa = PBXFileReference; fileEncoding = 4; lastKnownFileType = sourcecode.c.h; path = UVFavoritChar.h; sourceTree = "<group>"; };
		553D3E761451F0D1006C305F /* UVFavoritChar.m */ = {isa = PBXFileReference; fileEncoding = 4; lastKnownFileType = sourcecode.c.objc; path = UVFavoritChar.m; sourceTree = "<group>"; };
		553D3E7B1451F112006C305F /* UVBlock.h */ = {isa = PBXFileReference; fileEncoding = 4; lastKnownFileType = sourcecode.c.h; path = UVBlock.h; sourceTree = "<group>"; };
		553D3E7C1451F112006C305F /* UVBlock.m */ = {isa = PBXFileReference; fileEncoding = 4; lastKnownFileType = sourcecode.c.objc; path = UVBlock.m; sourceTree = "<group>"; };
		555C84F9145C8399006191B0 /* UnicodeDetailViewController.xib */ = {isa = PBXFileReference; fileEncoding = 4; lastKnownFileType = file.xib; path = UnicodeDetailViewController.xib; sourceTree = "<group>"; };
		555C84FB145C8906006191B0 /* UVCharEncodingTableViewCell.h */ = {isa = PBXFileReference; fileEncoding = 4; lastKnownFileType = sourcecode.c.h; path = UVCharEncodingTableViewCell.h; sourceTree = "<group>"; };
		555C84FC145C8906006191B0 /* UVCharEncodingTableViewCell.m */ = {isa = PBXFileReference; fileEncoding = 4; lastKnownFileType = sourcecode.c.objc; path = UVCharEncodingTableViewCell.m; sourceTree = "<group>"; };
		555C84FE145C8935006191B0 /* UVCharEncodingTableViewCell.xib */ = {isa = PBXFileReference; fileEncoding = 4; lastKnownFileType = file.xib; path = UVCharEncodingTableViewCell.xib; sourceTree = "<group>"; };
		5563972713CC99CB00348B25 /* index-cards.png */ = {isa = PBXFileReference; lastKnownFileType = image.png; path = "index-cards.png"; sourceTree = "<group>"; };
		5563972913CC99E000348B25 /* cabinet.png */ = {isa = PBXFileReference; lastKnownFileType = image.png; path = cabinet.png; sourceTree = "<group>"; };
		5563972B13CC99F400348B25 /* shoebox.png */ = {isa = PBXFileReference; lastKnownFileType = image.png; path = shoebox.png; sourceTree = "<group>"; };
		5563972F13CCA0F300348B25 /* logo-512x512.png */ = {isa = PBXFileReference; lastKnownFileType = image.png; path = "logo-512x512.png"; sourceTree = "<group>"; };
		5563973013CCA0F300348B25 /* logo-72x72.png */ = {isa = PBXFileReference; lastKnownFileType = image.png; path = "logo-72x72.png"; sourceTree = "<group>"; };
		556A157113EDAC9A00264E95 /* UVFavoriteListViewController.h */ = {isa = PBXFileReference; fileEncoding = 4; lastKnownFileType = sourcecode.c.h; path = UVFavoriteListViewController.h; sourceTree = "<group>"; };
		556A157213EDAC9A00264E95 /* UVFavoriteListViewController.m */ = {isa = PBXFileReference; fileEncoding = 4; lastKnownFileType = sourcecode.c.objc; path = UVFavoriteListViewController.m; sourceTree = "<group>"; };
		556A157313EDAC9A00264E95 /* UVFavoriteListViewController.xib */ = {isa = PBXFileReference; fileEncoding = 4; lastKnownFileType = file.xib; path = UVFavoriteListViewController.xib; sourceTree = "<group>"; };
		556E8B7B1464835700E53291 /* UVCharBlockTableViewCell.h */ = {isa = PBXFileReference; fileEncoding = 4; lastKnownFileType = sourcecode.c.h; path = UVCharBlockTableViewCell.h; sourceTree = "<group>"; };
		556E8B7C1464835700E53291 /* UVCharBlockTableViewCell.m */ = {isa = PBXFileReference; fileEncoding = 4; lastKnownFileType = sourcecode.c.objc; path = UVCharBlockTableViewCell.m; sourceTree = "<group>"; };
		556E8B7E1464851700E53291 /* UVCharBlockTableViewCell.xib */ = {isa = PBXFileReference; fileEncoding = 4; lastKnownFileType = file.xib; path = UVCharBlockTableViewCell.xib; sourceTree = "<group>"; };
		5573FB741437B53D0015D001 /* sqlite-fts3-extension.xcodeproj */ = {isa = PBXFileReference; lastKnownFileType = "wrapper.pb-project"; name = "sqlite-fts3-extension.xcodeproj"; path = "../sqlite-fts3-extension-2.0/sqlite-fts3-extension.xcodeproj"; sourceTree = "<group>"; };
		5573FB9C1437B69D0015D001 /* libsqlite3.dylib */ = {isa = PBXFileReference; lastKnownFileType = "compiled.mach-o.dylib"; name = libsqlite3.dylib; path = usr/lib/libsqlite3.dylib; sourceTree = SDKROOT; };
		5573FBAE1437B7340015D001 /* FMDatabase.h */ = {isa = PBXFileReference; fileEncoding = 4; lastKnownFileType = sourcecode.c.h; path = FMDatabase.h; sourceTree = "<group>"; };
		5573FBAF1437B7340015D001 /* FMDatabase.m */ = {isa = PBXFileReference; fileEncoding = 4; lastKnownFileType = sourcecode.c.objc; path = FMDatabase.m; sourceTree = "<group>"; };
		5573FBB01437B7340015D001 /* FMDatabaseAdditions.h */ = {isa = PBXFileReference; fileEncoding = 4; lastKnownFileType = sourcecode.c.h; path = FMDatabaseAdditions.h; sourceTree = "<group>"; };
		5573FBB11437B7340015D001 /* FMDatabaseAdditions.m */ = {isa = PBXFileReference; fileEncoding = 4; lastKnownFileType = sourcecode.c.objc; path = FMDatabaseAdditions.m; sourceTree = "<group>"; };
		5573FBB21437B7340015D001 /* FMResultSet.h */ = {isa = PBXFileReference; fileEncoding = 4; lastKnownFileType = sourcecode.c.h; path = FMResultSet.h; sourceTree = "<group>"; };
		5573FBB31437B7340015D001 /* FMResultSet.m */ = {isa = PBXFileReference; fileEncoding = 4; lastKnownFileType = sourcecode.c.objc; path = FMResultSet.m; sourceTree = "<group>"; };
		5573FBB71437B77B0015D001 /* UVCharFullTextSearchService.h */ = {isa = PBXFileReference; fileEncoding = 4; lastKnownFileType = sourcecode.c.h; path = UVCharFullTextSearchService.h; sourceTree = "<group>"; };
		5573FBB81437B77B0015D001 /* UVCharFullTextSearchService.m */ = {isa = PBXFileReference; fileEncoding = 4; lastKnownFileType = sourcecode.c.objc; path = UVCharFullTextSearchService.m; sourceTree = "<group>"; };
		5573FBBE1437BAD00015D001 /* RRFTS3ExtensionLoader.h */ = {isa = PBXFileReference; fileEncoding = 4; lastKnownFileType = sourcecode.c.h; path = RRFTS3ExtensionLoader.h; sourceTree = "<group>"; };
		558101831461D9EE003CDCAC /* logo.png */ = {isa = PBXFileReference; lastKnownFileType = image.png; path = logo.png; sourceTree = "<group>"; };
		558101841461D9EE003CDCAC /* logo@2x.png */ = {isa = PBXFileReference; lastKnownFileType = image.png; path = "logo@2x.png"; sourceTree = "<group>"; };
		559F3E0913D0C83100874BE4 /* CoreData.framework */ = {isa = PBXFileReference; lastKnownFileType = wrapper.framework; name = CoreData.framework; path = System/Library/Frameworks/CoreData.framework; sourceTree = SDKROOT; };
		559F3E0B13D0C85900874BE4 /* CoreData.framework */ = {isa = PBXFileReference; lastKnownFileType = wrapper.framework; name = CoreData.framework; path = System/Library/Frameworks/CoreData.framework; sourceTree = SDKROOT; };
		55A19036146B1A860040C188 /* bookmark-ribbon.png */ = {isa = PBXFileReference; lastKnownFileType = image.png; path = "bookmark-ribbon.png"; sourceTree = "<group>"; };
		55A19037146B1A860040C188 /* bookmark-ribbon@2x.png */ = {isa = PBXFileReference; lastKnownFileType = image.png; path = "bookmark-ribbon@2x.png"; sourceTree = "<group>"; };
		55A1903A146B1E3F0040C188 /* UVFavoritRibbonManager.h */ = {isa = PBXFileReference; fileEncoding = 4; lastKnownFileType = sourcecode.c.h; path = UVFavoritRibbonManager.h; sourceTree = "<group>"; };
		55A1903B146B1E3F0040C188 /* UVFavoritRibbonManager.m */ = {isa = PBXFileReference; fileEncoding = 4; lastKnownFileType = sourcecode.c.objc; path = UVFavoritRibbonManager.m; sourceTree = "<group>"; };
		55A7CCCD146725E2001315BE /* UVUIConstants.h */ = {isa = PBXFileReference; fileEncoding = 4; lastKnownFileType = sourcecode.c.h; path = UVUIConstants.h; sourceTree = "<group>"; };
		55A7CCCE14672930001315BE /* UVRelatedChars.h */ = {isa = PBXFileReference; fileEncoding = 4; lastKnownFileType = sourcecode.c.h; path = UVRelatedChars.h; sourceTree = "<group>"; };
		55A7CCCF14672930001315BE /* UVRelatedChars.m */ = {isa = PBXFileReference; fileEncoding = 4; lastKnownFileType = sourcecode.c.objc; path = UVRelatedChars.m; sourceTree = "<group>"; };
		55A7CCD11467294A001315BE /* UVChar.h */ = {isa = PBXFileReference; fileEncoding = 4; lastKnownFileType = sourcecode.c.h; path = UVChar.h; sourceTree = "<group>"; };
		55A7CCD21467294A001315BE /* UVChar.m */ = {isa = PBXFileReference; fileEncoding = 4; lastKnownFileType = sourcecode.c.objc; path = UVChar.m; sourceTree = "<group>"; };
		55A7CCD414672A5C001315BE /* UVRelatedCharTableViewCell.h */ = {isa = PBXFileReference; fileEncoding = 4; lastKnownFileType = sourcecode.c.h; path = UVRelatedCharTableViewCell.h; sourceTree = "<group>"; };
		55A7CCD514672A5C001315BE /* UVRelatedCharTableViewCell.m */ = {isa = PBXFileReference; fileEncoding = 4; lastKnownFileType = sourcecode.c.objc; path = UVRelatedCharTableViewCell.m; sourceTree = "<group>"; };
		55A7CCD714672AEF001315BE /* UVRelatedCharTableViewCell.xib */ = {isa = PBXFileReference; fileEncoding = 4; lastKnownFileType = file.xib; path = UVRelatedCharTableViewCell.xib; sourceTree = "<group>"; };
		55BF532E13D1EDAF000F4852 /* UVBlockRepository.h */ = {isa = PBXFileReference; fileEncoding = 4; lastKnownFileType = sourcecode.c.h; path = UVBlockRepository.h; sourceTree = "<group>"; };
		55BF532F13D1EDAF000F4852 /* UVBlockRepository.m */ = {isa = PBXFileReference; fileEncoding = 4; lastKnownFileType = sourcecode.c.objc; path = UVBlockRepository.m; sourceTree = "<group>"; };
		55CD98D51438F4D50081B790 /* ios-fabric.png */ = {isa = PBXFileReference; lastKnownFileType = image.png; path = "ios-fabric.png"; sourceTree = "<group>"; };
		55CD98D61438F4D50081B790 /* ios-fabric@2x.png */ = {isa = PBXFileReference; lastKnownFileType = image.png; path = "ios-fabric@2x.png"; sourceTree = "<group>"; };
		55CD98D81438F4D50081B791 /* UVChar+Favorits.m */ = {isa = PBXFileReference; fileEncoding = 4; lastKnownFileType = sourcecode.c.objc; path = "UVChar+Favorits.m"; sourceTree = "<group>"; };
		55CD98D81438F4D50081B793 /* UVChar+Favorits.h */ = {isa = PBXFileReference; fileEncoding = 4; lastKnownFileType = sourcecode.c.h; path = "UVChar+Favorits.h"; sourceTree = "<group>"; };
		55D40AF8145DDF0E00DF3043 /* start-image.png */ = {isa = PBXFileReference; lastKnownFileType = image.png; path = "start-image.png"; sourceTree = "<group>"; };
		55D40AF9145DDF0E00DF3043 /* start-image@2x.png */ = {isa = PBXFileReference; lastKnownFileType = image.png; path = "start-image@2x.png"; sourceTree = "<group>"; };
/* End PBXFileReference section */

/* Begin PBXFrameworksBuildPhase section */
		1B1A96C713C08F5C001E2AD5 /* Frameworks */ = {
			isa = PBXFrameworksBuildPhase;
			buildActionMask = 2147483647;
			files = (
				1B1A96CF13C08F5D001E2AD5 /* UIKit.framework in Frameworks */,
				1B1A96D113C08F5D001E2AD5 /* Foundation.framework in Frameworks */,
				1B1A96D313C08F5D001E2AD5 /* CoreGraphics.framework in Frameworks */,
				559F3E0A13D0C83100874BE4 /* CoreData.framework in Frameworks */,
				5573FB9D1437B69D0015D001 /* libsqlite3.dylib in Frameworks */,
				5573FB7F1437B5530015D001 /* libsqlite-3.6.23.1-fts3-ext.a in Frameworks */,
			);
			runOnlyForDeploymentPostprocessing = 0;
		};
		1B1A96F013C08F5D001E2AD5 /* Frameworks */ = {
			isa = PBXFrameworksBuildPhase;
			buildActionMask = 2147483647;
			files = (
				1B1A96F513C08F5D001E2AD5 /* UIKit.framework in Frameworks */,
				1B1A96F613C08F5D001E2AD5 /* Foundation.framework in Frameworks */,
				1B1A96F713C08F5D001E2AD5 /* CoreGraphics.framework in Frameworks */,
				559F3E0C13D0C85900874BE4 /* CoreData.framework in Frameworks */,
			);
			runOnlyForDeploymentPostprocessing = 0;
		};
/* End PBXFrameworksBuildPhase section */

/* Begin PBXGroup section */
		1B06236513D9CB220013C59D /* Dataaccess */ = {
			isa = PBXGroup;
			children = (
				1B04ADC513D947CD00ACE7D9 /* UVCharDataXMLImporterDelegate.h */,
				1B04ADC613D947CE00ACE7D9 /* UVCharDataXMLImporterDelegate.m */,
				1BAB62B613CF40AE00EC0827 /* UVDataImporter.h */,
				1BAB62B713CF40AE00EC0827 /* UVDataImporter.m */,
				55BF532E13D1EDAF000F4852 /* UVBlockRepository.h */,
				55BF532F13D1EDAF000F4852 /* UVBlockRepository.m */,
				1B04ADC913D94FC200ACE7D9 /* UVCharRepository.h */,
				1B04ADCA13D94FC200ACE7D9 /* UVCharRepository.m */,
				1B06236813D9CBC40013C59D /* UVCoreDataHelp.h */,
				1B06236913D9CBC40013C59D /* UVCoreDataHelp.m */,
				5573FBB71437B77B0015D001 /* UVCharFullTextSearchService.h */,
				5573FBB81437B77B0015D001 /* UVCharFullTextSearchService.m */,
				552BCF30145308C400DCF4C7 /* UVFavoritCharRepository.h */,
				552BCF31145308C400DCF4C7 /* UVFavoritCharRepository.m */,
			);
			name = Dataaccess;
			sourceTree = "<group>";
		};
		1B06236713D9CB7C0013C59D /* GUI */ = {
			isa = PBXGroup;
			children = (
				55A7CCCD146725E2001315BE /* UVUIConstants.h */,
				1B1A970D13C09706001E2AD5 /* UnicodeListViewController.h */,
				1B1A970E13C09706001E2AD5 /* UnicodeListViewController.m */,
				1B1A970F13C09706001E2AD5 /* UnicodeListViewController.xib */,
				1B9E7DC413C0C62300ABD69D /* UnicodeDetailViewController.h */,
				1B9E7DC513C0C62300ABD69D /* UnicodeDetailViewController.m */,
				555C84F9145C8399006191B0 /* UnicodeDetailViewController.xib */,
				1B9E7DC613C0C62300ABD69D /* UVDetailTableViewHeader.xib */,
				556E8B7B1464835700E53291 /* UVCharBlockTableViewCell.h */,
				556E8B7C1464835700E53291 /* UVCharBlockTableViewCell.m */,
				556E8B7E1464851700E53291 /* UVCharBlockTableViewCell.xib */,
				555C84FB145C8906006191B0 /* UVCharEncodingTableViewCell.h */,
				555C84FC145C8906006191B0 /* UVCharEncodingTableViewCell.m */,
				555C84FE145C8935006191B0 /* UVCharEncodingTableViewCell.xib */,
				1BAB62B913CF429C00EC0827 /* UVBlockListViewController.h */,
				1BAB62BA13CF429D00EC0827 /* UVBlockListViewController.m */,
				1BAB62BB13CF429D00EC0827 /* UVBlockListViewController.xib */,
				556A157113EDAC9A00264E95 /* UVFavoriteListViewController.h */,
				556A157213EDAC9A00264E95 /* UVFavoriteListViewController.m */,
				556A157313EDAC9A00264E95 /* UVFavoriteListViewController.xib */,
				1BF3E4F113F40F61009F401E /* UVCharListTableViewCell.h */,
				1BF3E4F213F40F62009F401E /* UVCharListTableViewCell.m */,
				1BF3E4EE13F40520009F401E /* UVCharListTableViewCell.xib */,
				55A7CCD414672A5C001315BE /* UVRelatedCharTableViewCell.h */,
				55A7CCD514672A5C001315BE /* UVRelatedCharTableViewCell.m */,
				55A7CCD714672AEF001315BE /* UVRelatedCharTableViewCell.xib */,
				551A13CC14116261000053DC /* UVSearchViewController.h */,
				551A13CD14116261000053DC /* UVSearchViewController.m */,
				551A13CE14116261000053DC /* UVSearchViewController.xib */,
				55328425146DC3CA00CE99D5 /* UVSearchActivityOverlay.xib */,
				55A1903A146B1E3F0040C188 /* UVFavoritRibbonManager.h */,
				55A1903B146B1E3F0040C188 /* UVFavoritRibbonManager.m */,
				1B1A96E013C08F5D001E2AD5 /* MainWindow.xib */,
			);
			name = GUI;
			sourceTree = "<group>";
		};
		1B1A96BF13C08F5C001E2AD5 = {
			isa = PBXGroup;
			children = (
				5573FB741437B53D0015D001 /* sqlite-fts3-extension.xcodeproj */,
				1B1A96D413C08F5D001E2AD5 /* UnicodeViewer */,
				1B1A96FA13C08F5D001E2AD5 /* UnicodeViewerTests */,
				1B1A96CD13C08F5D001E2AD5 /* Frameworks */,
				1B1A96CB13C08F5D001E2AD5 /* Products */,
				5573FB9C1437B69D0015D001 /* libsqlite3.dylib */,
			);
			sourceTree = "<group>";
		};
		1B1A96CB13C08F5D001E2AD5 /* Products */ = {
			isa = PBXGroup;
			children = (
				1B1A96CA13C08F5D001E2AD5 /* UnicodeViewer.app */,
				1B1A96F413C08F5D001E2AD5 /* UnicodeViewerTests.octest */,
			);
			name = Products;
			sourceTree = "<group>";
		};
		1B1A96CD13C08F5D001E2AD5 /* Frameworks */ = {
			isa = PBXGroup;
			children = (
				559F3E0B13D0C85900874BE4 /* CoreData.framework */,
				559F3E0913D0C83100874BE4 /* CoreData.framework */,
				1B1A96CE13C08F5D001E2AD5 /* UIKit.framework */,
				1B1A96D013C08F5D001E2AD5 /* Foundation.framework */,
				1B1A96D213C08F5D001E2AD5 /* CoreGraphics.framework */,
			);
			name = Frameworks;
			sourceTree = "<group>";
		};
		1B1A96D413C08F5D001E2AD5 /* UnicodeViewer */ = {
			isa = PBXGroup;
			children = (
				550D95FE146060FA008D1416 /* Helper */,
				1B06236713D9CB7C0013C59D /* GUI */,
				1B06236513D9CB220013C59D /* Dataaccess */,
				1BAC57B613CD66AB00B3B889 /* Model */,
				5563972513CC99B000348B25 /* 3rdparty */,
				1BD38F2413CA3ED00017FC59 /* Resources */,
				1B1A96DD13C08F5D001E2AD5 /* UnicodeViewerAppDelegate.h */,
				1B1A96DE13C08F5D001E2AD5 /* UnicodeViewerAppDelegate.m */,
				1B1A96D513C08F5D001E2AD5 /* Supporting Files */,
			);
			path = UnicodeViewer;
			sourceTree = "<group>";
		};
		1B1A96D513C08F5D001E2AD5 /* Supporting Files */ = {
			isa = PBXGroup;
			children = (
				1B1A96D613C08F5D001E2AD5 /* UnicodeViewer-Info.plist */,
				1B1A96D713C08F5D001E2AD5 /* InfoPlist.strings */,
				1B1A96DA13C08F5D001E2AD5 /* UnicodeViewer-Prefix.pch */,
				1B1A96DB13C08F5D001E2AD5 /* main.m */,
			);
			name = "Supporting Files";
			sourceTree = "<group>";
		};
		1B1A96FA13C08F5D001E2AD5 /* UnicodeViewerTests */ = {
			isa = PBXGroup;
			children = (
				1B1A970113C08F5D001E2AD5 /* UnicodeViewerTests.h */,
				1B1A970313C08F5D001E2AD5 /* UnicodeViewerTests.m */,
				1B1A96FB13C08F5D001E2AD5 /* Supporting Files */,
			);
			path = UnicodeViewerTests;
			sourceTree = "<group>";
		};
		1B1A96FB13C08F5D001E2AD5 /* Supporting Files */ = {
			isa = PBXGroup;
			children = (
				1B1A96FC13C08F5D001E2AD5 /* UnicodeViewerTests-Info.plist */,
				1B1A96FD13C08F5D001E2AD5 /* InfoPlist.strings */,
				1B1A970013C08F5D001E2AD5 /* UnicodeViewerTests-Prefix.pch */,
			);
			name = "Supporting Files";
			sourceTree = "<group>";
		};
		1BAC57B613CD66AB00B3B889 /* Model */ = {
			isa = PBXGroup;
			children = (
				1B3F648013CEC5C80065917A /* UVModel.xcdatamodeld */,
				55A7CCD11467294A001315BE /* UVChar.h */,
				55A7CCD21467294A001315BE /* UVChar.m */,
				55A7CCCE14672930001315BE /* UVRelatedChars.h */,
				55A7CCCF14672930001315BE /* UVRelatedChars.m */,
				553D3E7B1451F112006C305F /* UVBlock.h */,
				553D3E7C1451F112006C305F /* UVBlock.m */,
				55CD98D81438F4D50081B793 /* UVChar+Favorits.h */,
				55CD98D81438F4D50081B791 /* UVChar+Favorits.m */,
				553D3E751451F0D1006C305F /* UVFavoritChar.h */,
				553D3E761451F0D1006C305F /* UVFavoritChar.m */,
			);
			name = Model;
			sourceTree = "<group>";
		};
		1BD38F2413CA3ED00017FC59 /* Resources */ = {
			isa = PBXGroup;
			children = (
				55A19036146B1A860040C188 /* bookmark-ribbon.png */,
				55A19037146B1A860040C188 /* bookmark-ribbon@2x.png */,
				558101831461D9EE003CDCAC /* logo.png */,
				558101841461D9EE003CDCAC /* logo@2x.png */,
				550D95FA14605EA6008D1416 /* marker.png */,
				550D95FB14605EA6008D1416 /* marker@2x.png */,
				55D40AF8145DDF0E00DF3043 /* start-image.png */,
				55D40AF9145DDF0E00DF3043 /* start-image@2x.png */,
				55CD98D51438F4D50081B790 /* ios-fabric.png */,
				55CD98D61438F4D50081B790 /* ios-fabric@2x.png */,
				1B06236B13D9D9E70013C59D /* UVDB.sqlite */,
				1BAB62B413CF400A00EC0827 /* uni-grouped-6.0.0.xml */,
				1BAB62B213CF3FDA00EC0827 /* uni-blocks-6.0.0.txt */,
				5563972F13CCA0F300348B25 /* logo-512x512.png */,
				5563973013CCA0F300348B25 /* logo-72x72.png */,
				5563972B13CC99F400348B25 /* shoebox.png */,
				5563972913CC99E000348B25 /* cabinet.png */,
				5563972713CC99CB00348B25 /* index-cards.png */,
				1BCCF22613CC35D9002582FB /* star-l.png */,
				1BCCF22713CC35D9002582FB /* heart-l.png */,
				1BCCF21F13CC34D5002582FB /* star-d.png */,
				1BCCF22013CC34D5002582FB /* heart-d.png */,
				1BD38F2813CA414A0017FC59 /* tag-l.png */,
				1BCCF22413CC3526002582FB /* tag-d.png */,
			);
			name = Resources;
			sourceTree = "<group>";
		};
		550D95FE146060FA008D1416 /* Helper */ = {
			isa = PBXGroup;
			children = (
				550D95FF1460611E008D1416 /* UVCharEncodingHelper.h */,
				550D96001460611E008D1416 /* UVCharEncodingHelper.m */,
			);
			name = Helper;
			sourceTree = "<group>";
		};
		5563972513CC99B000348B25 /* 3rdparty */ = {
			isa = PBXGroup;
			children = (
				5573FBBE1437BAD00015D001 /* RRFTS3ExtensionLoader.h */,
				5573FBAD1437B71F0015D001 /* fmdb */,
				1B9E7DCA13C0D44000ABD69D /* CopyLabel.h */,
				1B9E7DCB13C0D44000ABD69D /* CopyLabel.m */,
			);
			name = 3rdparty;
			sourceTree = "<group>";
		};
		5573FB751437B53D0015D001 /* Products */ = {
			isa = PBXGroup;
			children = (
				5573FB7C1437B53D0015D001 /* libsqlite-3.6.23.1-fts3-ext.a */,
			);
			name = Products;
			sourceTree = "<group>";
		};
		5573FBAD1437B71F0015D001 /* fmdb */ = {
			isa = PBXGroup;
			children = (
				5573FBAE1437B7340015D001 /* FMDatabase.h */,
				5573FBAF1437B7340015D001 /* FMDatabase.m */,
				5573FBB01437B7340015D001 /* FMDatabaseAdditions.h */,
				5573FBB11437B7340015D001 /* FMDatabaseAdditions.m */,
				5573FBB21437B7340015D001 /* FMResultSet.h */,
				5573FBB31437B7340015D001 /* FMResultSet.m */,
			);
			name = fmdb;
			sourceTree = "<group>";
		};
/* End PBXGroup section */

/* Begin PBXNativeTarget section */
		1B1A96C913C08F5C001E2AD5 /* UnicodeViewer */ = {
			isa = PBXNativeTarget;
			buildConfigurationList = 1B1A970713C08F5D001E2AD5 /* Build configuration list for PBXNativeTarget "UnicodeViewer" */;
			buildPhases = (
				1B1A96C613C08F5C001E2AD5 /* Sources */,
				1B1A96C713C08F5C001E2AD5 /* Frameworks */,
				1B1A96C813C08F5C001E2AD5 /* Resources */,
			);
			buildRules = (
			);
			dependencies = (
				5573FB7E1437B54D0015D001 /* PBXTargetDependency */,
			);
			name = UnicodeViewer;
			productName = UnicodeViewer;
			productReference = 1B1A96CA13C08F5D001E2AD5 /* UnicodeViewer.app */;
			productType = "com.apple.product-type.application";
		};
		1B1A96F313C08F5D001E2AD5 /* UnicodeViewerTests */ = {
			isa = PBXNativeTarget;
			buildConfigurationList = 1B1A970A13C08F5D001E2AD5 /* Build configuration list for PBXNativeTarget "UnicodeViewerTests" */;
			buildPhases = (
				1B1A96EF13C08F5D001E2AD5 /* Sources */,
				1B1A96F013C08F5D001E2AD5 /* Frameworks */,
				1B1A96F113C08F5D001E2AD5 /* Resources */,
				1B1A96F213C08F5D001E2AD5 /* ShellScript */,
			);
			buildRules = (
			);
			dependencies = (
				1B1A96F913C08F5D001E2AD5 /* PBXTargetDependency */,
			);
			name = UnicodeViewerTests;
			productName = UnicodeViewerTests;
			productReference = 1B1A96F413C08F5D001E2AD5 /* UnicodeViewerTests.octest */;
			productType = "com.apple.product-type.bundle";
		};
/* End PBXNativeTarget section */

/* Begin PBXProject section */
		1B1A96C113C08F5C001E2AD5 /* Project object */ = {
			isa = PBXProject;
			buildConfigurationList = 1B1A96C413C08F5C001E2AD5 /* Build configuration list for PBXProject "UnicodeViewer" */;
			compatibilityVersion = "Xcode 3.2";
			developmentRegion = English;
			hasScannedForEncodings = 0;
			knownRegions = (
				en,
			);
			mainGroup = 1B1A96BF13C08F5C001E2AD5;
			productRefGroup = 1B1A96CB13C08F5D001E2AD5 /* Products */;
			projectDirPath = "";
			projectReferences = (
				{
					ProductGroup = 5573FB751437B53D0015D001 /* Products */;
					ProjectRef = 5573FB741437B53D0015D001 /* sqlite-fts3-extension.xcodeproj */;
				},
			);
			projectRoot = "";
			targets = (
				1B1A96C913C08F5C001E2AD5 /* UnicodeViewer */,
				1B1A96F313C08F5D001E2AD5 /* UnicodeViewerTests */,
			);
		};
/* End PBXProject section */

/* Begin PBXReferenceProxy section */
		5573FB7C1437B53D0015D001 /* libsqlite-3.6.23.1-fts3-ext.a */ = {
			isa = PBXReferenceProxy;
			fileType = archive.ar;
			path = "libsqlite-3.6.23.1-fts3-ext.a";
			remoteRef = 5573FB7B1437B53D0015D001 /* PBXContainerItemProxy */;
			sourceTree = BUILT_PRODUCTS_DIR;
		};
/* End PBXReferenceProxy section */

/* Begin PBXResourcesBuildPhase section */
		1B1A96C813C08F5C001E2AD5 /* Resources */ = {
			isa = PBXResourcesBuildPhase;
			buildActionMask = 2147483647;
			files = (
				1B1A96D913C08F5D001E2AD5 /* InfoPlist.strings in Resources */,
				1B1A96E213C08F5D001E2AD5 /* MainWindow.xib in Resources */,
				1B1A971113C09706001E2AD5 /* UnicodeListViewController.xib in Resources */,
				1B9E7DC813C0C62300ABD69D /* UVDetailTableViewHeader.xib in Resources */,
				1BD38F2913CA414B0017FC59 /* tag-l.png in Resources */,
				1BCCF22113CC34D5002582FB /* star-d.png in Resources */,
				1BCCF22213CC34D5002582FB /* heart-d.png in Resources */,
				1BCCF22513CC3526002582FB /* tag-d.png in Resources */,
				1BCCF22813CC35D9002582FB /* star-l.png in Resources */,
				1BCCF22913CC35D9002582FB /* heart-l.png in Resources */,
				5563972813CC99CB00348B25 /* index-cards.png in Resources */,
				5563972A13CC99E000348B25 /* cabinet.png in Resources */,
				5563972C13CC99F400348B25 /* shoebox.png in Resources */,
				5563973213CCA0F300348B25 /* logo-512x512.png in Resources */,
				5563973313CCA0F300348B25 /* logo-72x72.png in Resources */,
				1BAB62B313CF3FDA00EC0827 /* uni-blocks-6.0.0.txt in Resources */,
				1BAB62B513CF400A00EC0827 /* uni-grouped-6.0.0.xml in Resources */,
				1BAB62BD13CF429D00EC0827 /* UVBlockListViewController.xib in Resources */,
				1B06236C13D9D9E70013C59D /* UVDB.sqlite in Resources */,
				556A157513EDAC9A00264E95 /* UVFavoriteListViewController.xib in Resources */,
				1BF3E4EF13F40520009F401E /* UVCharListTableViewCell.xib in Resources */,
				551A13D014116261000053DC /* UVSearchViewController.xib in Resources */,
				55CD98D71438F4D50081B790 /* ios-fabric.png in Resources */,
				55CD98D81438F4D50081B790 /* ios-fabric@2x.png in Resources */,
				555C84FA145C8399006191B0 /* UnicodeDetailViewController.xib in Resources */,
				555C84FF145C8935006191B0 /* UVCharEncodingTableViewCell.xib in Resources */,
				55D40AFA145DDF0E00DF3043 /* start-image.png in Resources */,
				55D40AFB145DDF0E00DF3043 /* start-image@2x.png in Resources */,
				550D95FC14605EA6008D1416 /* marker.png in Resources */,
				550D95FD14605EA6008D1416 /* marker@2x.png in Resources */,
				558101851461D9EE003CDCAC /* logo.png in Resources */,
				558101861461D9EE003CDCAC /* logo@2x.png in Resources */,
				556E8B7F1464851700E53291 /* UVCharBlockTableViewCell.xib in Resources */,
				55A7CCD814672AEF001315BE /* UVRelatedCharTableViewCell.xib in Resources */,
				55A19038146B1A860040C188 /* bookmark-ribbon.png in Resources */,
				55A19039146B1A860040C188 /* bookmark-ribbon@2x.png in Resources */,
				55328426146DC3CA00CE99D5 /* UVSearchActivityOverlay.xib in Resources */,
			);
			runOnlyForDeploymentPostprocessing = 0;
		};
		1B1A96F113C08F5D001E2AD5 /* Resources */ = {
			isa = PBXResourcesBuildPhase;
			buildActionMask = 2147483647;
			files = (
				1B1A96FF13C08F5D001E2AD5 /* InfoPlist.strings in Resources */,
				1B1A970213C08F5D001E2AD5 /* UnicodeViewerTests.h in Resources */,
			);
			runOnlyForDeploymentPostprocessing = 0;
		};
/* End PBXResourcesBuildPhase section */

/* Begin PBXShellScriptBuildPhase section */
		1B1A96F213C08F5D001E2AD5 /* ShellScript */ = {
			isa = PBXShellScriptBuildPhase;
			buildActionMask = 2147483647;
			files = (
			);
			inputPaths = (
			);
			outputPaths = (
			);
			runOnlyForDeploymentPostprocessing = 0;
			shellPath = /bin/sh;
			shellScript = "# Run the unit tests in this test bundle.\n\"${SYSTEM_DEVELOPER_DIR}/Tools/RunUnitTests\"\n";
		};
/* End PBXShellScriptBuildPhase section */

/* Begin PBXSourcesBuildPhase section */
		1B1A96C613C08F5C001E2AD5 /* Sources */ = {
			isa = PBXSourcesBuildPhase;
			buildActionMask = 2147483647;
			files = (
				1B1A96DC13C08F5D001E2AD5 /* main.m in Sources */,
				1B1A96DF13C08F5D001E2AD5 /* UnicodeViewerAppDelegate.m in Sources */,
				1B1A971013C09706001E2AD5 /* UnicodeListViewController.m in Sources */,
				1B9E7DC713C0C62300ABD69D /* UnicodeDetailViewController.m in Sources */,
				1B9E7DCC13C0D44000ABD69D /* CopyLabel.m in Sources */,
				1B3F648213CEC5C80065917A /* UVModel.xcdatamodeld in Sources */,
				1BAB62B813CF40AE00EC0827 /* UVDataImporter.m in Sources */,
				1BAB62BC13CF429D00EC0827 /* UVBlockListViewController.m in Sources */,
				55BF533013D1EDAF000F4852 /* UVBlockRepository.m in Sources */,
				1B04ADC713D947CE00ACE7D9 /* UVCharDataXMLImporterDelegate.m in Sources */,
				1B04ADCB13D94FC200ACE7D9 /* UVCharRepository.m in Sources */,
				1B06236A13D9CBC40013C59D /* UVCoreDataHelp.m in Sources */,
				556A157413EDAC9A00264E95 /* UVFavoriteListViewController.m in Sources */,
				1BF3E4F313F40F62009F401E /* UVCharListTableViewCell.m in Sources */,
				551A13CF14116261000053DC /* UVSearchViewController.m in Sources */,
				5573FBB41437B7340015D001 /* FMDatabase.m in Sources */,
				5573FBB51437B7340015D001 /* FMDatabaseAdditions.m in Sources */,
				5573FBB61437B7340015D001 /* FMResultSet.m in Sources */,
				5573FBB91437B77B0015D001 /* UVCharFullTextSearchService.m in Sources */,
				553D3E771451F0D1006C305F /* UVFavoritChar.m in Sources */,
				553D3E7D1451F112006C305F /* UVBlock.m in Sources */,
				552BCF32145308C400DCF4C7 /* UVFavoritCharRepository.m in Sources */,
				55CD98D81438F4D50081B792 /* UVChar+Favorits.m in Sources */,
				555C84FD145C8906006191B0 /* UVCharEncodingTableViewCell.m in Sources */,
				550D96011460611E008D1416 /* UVCharEncodingHelper.m in Sources */,
				556E8B7D1464835700E53291 /* UVCharBlockTableViewCell.m in Sources */,
				55A7CCD014672930001315BE /* UVRelatedChars.m in Sources */,
				55A7CCD31467294A001315BE /* UVChar.m in Sources */,
				55A7CCD614672A5C001315BE /* UVRelatedCharTableViewCell.m in Sources */,
				55A1903C146B1E3F0040C188 /* UVFavoritRibbonManager.m in Sources */,
			);
			runOnlyForDeploymentPostprocessing = 0;
		};
		1B1A96EF13C08F5D001E2AD5 /* Sources */ = {
			isa = PBXSourcesBuildPhase;
			buildActionMask = 2147483647;
			files = (
				1B1A970413C08F5D001E2AD5 /* UnicodeViewerTests.m in Sources */,
			);
			runOnlyForDeploymentPostprocessing = 0;
		};
/* End PBXSourcesBuildPhase section */

/* Begin PBXTargetDependency section */
		1B1A96F913C08F5D001E2AD5 /* PBXTargetDependency */ = {
			isa = PBXTargetDependency;
			target = 1B1A96C913C08F5C001E2AD5 /* UnicodeViewer */;
			targetProxy = 1B1A96F813C08F5D001E2AD5 /* PBXContainerItemProxy */;
		};
		5573FB7E1437B54D0015D001 /* PBXTargetDependency */ = {
			isa = PBXTargetDependency;
			name = "sqlite-3.6.23.1-fts3-ext";
			targetProxy = 5573FB7D1437B54D0015D001 /* PBXContainerItemProxy */;
		};
/* End PBXTargetDependency section */

/* Begin PBXVariantGroup section */
		1B1A96D713C08F5D001E2AD5 /* InfoPlist.strings */ = {
			isa = PBXVariantGroup;
			children = (
				1B1A96D813C08F5D001E2AD5 /* en */,
			);
			name = InfoPlist.strings;
			sourceTree = "<group>";
		};
		1B1A96E013C08F5D001E2AD5 /* MainWindow.xib */ = {
			isa = PBXVariantGroup;
			children = (
				1B1A96E113C08F5D001E2AD5 /* en */,
			);
			name = MainWindow.xib;
			sourceTree = "<group>";
		};
		1B1A96FD13C08F5D001E2AD5 /* InfoPlist.strings */ = {
			isa = PBXVariantGroup;
			children = (
				1B1A96FE13C08F5D001E2AD5 /* en */,
			);
			name = InfoPlist.strings;
			sourceTree = "<group>";
		};
/* End PBXVariantGroup section */

/* Begin XCBuildConfiguration section */
		1B1A970513C08F5D001E2AD5 /* Debug */ = {
			isa = XCBuildConfiguration;
			buildSettings = {
				ARCHS = "$(ARCHS_STANDARD_32_BIT)";
				"CODE_SIGN_IDENTITY[sdk=iphoneos*]" = "iPhone Developer";
				GCC_C_LANGUAGE_STANDARD = gnu99;
				GCC_OPTIMIZATION_LEVEL = 0;
				GCC_PREPROCESSOR_DEFINITIONS = DEBUG;
				GCC_SYMBOLS_PRIVATE_EXTERN = NO;
				GCC_VERSION = com.apple.compilers.llvmgcc42;
				GCC_WARN_ABOUT_RETURN_TYPE = YES;
				GCC_WARN_UNUSED_VARIABLE = YES;
				IPHONEOS_DEPLOYMENT_TARGET = 4.3;
				SDKROOT = iphoneos;
			};
			name = Debug;
		};
		1B1A970613C08F5D001E2AD5 /* Release */ = {
			isa = XCBuildConfiguration;
			buildSettings = {
				ARCHS = "$(ARCHS_STANDARD_32_BIT)";
				"CODE_SIGN_IDENTITY[sdk=iphoneos*]" = "iPhone Developer";
				GCC_C_LANGUAGE_STANDARD = gnu99;
				GCC_VERSION = com.apple.compilers.llvmgcc42;
				GCC_WARN_ABOUT_RETURN_TYPE = YES;
				GCC_WARN_UNUSED_VARIABLE = YES;
				IPHONEOS_DEPLOYMENT_TARGET = 4.3;
				OTHER_CFLAGS = "-DNS_BLOCK_ASSERTIONS=1";
				SDKROOT = iphoneos;
			};
			name = Release;
		};
		1B1A970813C08F5D001E2AD5 /* Debug */ = {
			isa = XCBuildConfiguration;
			buildSettings = {
				ALWAYS_SEARCH_USER_PATHS = NO;
				COPY_PHASE_STRIP = NO;
				GCC_DYNAMIC_NO_PIC = NO;
				GCC_PRECOMPILE_PREFIX_HEADER = YES;
				GCC_PREFIX_HEADER = "UnicodeViewer/UnicodeViewer-Prefix.pch";
				INFOPLIST_FILE = "UnicodeViewer/UnicodeViewer-Info.plist";
				PRODUCT_NAME = "$(TARGET_NAME)";
				WRAPPER_EXTENSION = app;
			};
			name = Debug;
		};
		1B1A970913C08F5D001E2AD5 /* Release */ = {
			isa = XCBuildConfiguration;
			buildSettings = {
				ALWAYS_SEARCH_USER_PATHS = NO;
				COPY_PHASE_STRIP = YES;
				GCC_PRECOMPILE_PREFIX_HEADER = YES;
				GCC_PREFIX_HEADER = "UnicodeViewer/UnicodeViewer-Prefix.pch";
				INFOPLIST_FILE = "UnicodeViewer/UnicodeViewer-Info.plist";
				PRODUCT_NAME = "$(TARGET_NAME)";
				VALIDATE_PRODUCT = YES;
				WRAPPER_EXTENSION = app;
			};
			name = Release;
		};
		1B1A970B13C08F5D001E2AD5 /* Debug */ = {
			isa = XCBuildConfiguration;
			buildSettings = {
				ALWAYS_SEARCH_USER_PATHS = NO;
				BUNDLE_LOADER = "$(BUILT_PRODUCTS_DIR)/UnicodeViewer.app/UnicodeViewer";
				FRAMEWORK_SEARCH_PATHS = (
					"$(SDKROOT)/Developer/Library/Frameworks",
					"$(DEVELOPER_LIBRARY_DIR)/Frameworks",
				);
				GCC_PRECOMPILE_PREFIX_HEADER = YES;
				GCC_PREFIX_HEADER = "UnicodeViewerTests/UnicodeViewerTests-Prefix.pch";
				INFOPLIST_FILE = "UnicodeViewerTests/UnicodeViewerTests-Info.plist";
				OTHER_LDFLAGS = (
					"-framework",
					SenTestingKit,
				);
				PRODUCT_NAME = "$(TARGET_NAME)";
				TEST_HOST = "$(BUNDLE_LOADER)";
				WRAPPER_EXTENSION = octest;
			};
			name = Debug;
		};
		1B1A970C13C08F5D001E2AD5 /* Release */ = {
			isa = XCBuildConfiguration;
			buildSettings = {
				ALWAYS_SEARCH_USER_PATHS = NO;
				BUNDLE_LOADER = "$(BUILT_PRODUCTS_DIR)/UnicodeViewer.app/UnicodeViewer";
				FRAMEWORK_SEARCH_PATHS = (
					"$(SDKROOT)/Developer/Library/Frameworks",
					"$(DEVELOPER_LIBRARY_DIR)/Frameworks",
				);
				GCC_PRECOMPILE_PREFIX_HEADER = YES;
				GCC_PREFIX_HEADER = "UnicodeViewerTests/UnicodeViewerTests-Prefix.pch";
				INFOPLIST_FILE = "UnicodeViewerTests/UnicodeViewerTests-Info.plist";
				OTHER_LDFLAGS = (
					"-framework",
					SenTestingKit,
				);
				PRODUCT_NAME = "$(TARGET_NAME)";
				TEST_HOST = "$(BUNDLE_LOADER)";
				WRAPPER_EXTENSION = octest;
			};
			name = Release;
		};
/* End XCBuildConfiguration section */

/* Begin XCConfigurationList section */
		1B1A96C413C08F5C001E2AD5 /* Build configuration list for PBXProject "UnicodeViewer" */ = {
			isa = XCConfigurationList;
			buildConfigurations = (
				1B1A970513C08F5D001E2AD5 /* Debug */,
				1B1A970613C08F5D001E2AD5 /* Release */,
			);
			defaultConfigurationIsVisible = 0;
			defaultConfigurationName = Release;
		};
		1B1A970713C08F5D001E2AD5 /* Build configuration list for PBXNativeTarget "UnicodeViewer" */ = {
			isa = XCConfigurationList;
			buildConfigurations = (
				1B1A970813C08F5D001E2AD5 /* Debug */,
				1B1A970913C08F5D001E2AD5 /* Release */,
			);
			defaultConfigurationIsVisible = 0;
			defaultConfigurationName = Release;
		};
		1B1A970A13C08F5D001E2AD5 /* Build configuration list for PBXNativeTarget "UnicodeViewerTests" */ = {
			isa = XCConfigurationList;
			buildConfigurations = (
				1B1A970B13C08F5D001E2AD5 /* Debug */,
				1B1A970C13C08F5D001E2AD5 /* Release */,
			);
			defaultConfigurationIsVisible = 0;
			defaultConfigurationName = Release;
		};
/* End XCConfigurationList section */

/* Begin XCVersionGroup section */
		1B3F648013CEC5C80065917A /* UVModel.xcdatamodeld */ = {
			isa = XCVersionGroup;
			children = (
				1B3F648113CEC5C80065917A /* UVModel.xcdatamodel */,
			);
			currentVersion = 1B3F648113CEC5C80065917A /* UVModel.xcdatamodel */;
			path = UVModel.xcdatamodeld;
			sourceTree = "<group>";
			versionGroupType = wrapper.xcdatamodel;
		};
/* End XCVersionGroup section */
	};
	rootObject = 1B1A96C113C08F5C001E2AD5 /* Project object */;
}
