// !$*UTF8*$!
{
	archiveVersion = 1;
	classes = {
	};
	objectVersion = 46;
	objects = {

/* Begin PBXBuildFile section */
		1B04ADC713D947CE00ACE7D9 /* UVCharDataXMLImporterDelegate.m in Sources */ = {isa = PBXBuildFile; fileRef = 1B04ADC613D947CE00ACE7D9 /* UVCharDataXMLImporterDelegate.m */; };
		1B04ADCB13D94FC200ACE7D9 /* UVCharRepository.m in Sources */ = {isa = PBXBuildFile; fileRef = 1B04ADCA13D94FC200ACE7D9 /* UVCharRepository.m */; };
		1B06236A13D9CBC40013C59D /* UVCoreDataHelp.m in Sources */ = {isa = PBXBuildFile; fileRef = 1B06236913D9CBC40013C59D /* UVCoreDataHelp.m */; };
		1B06236C13D9D9E70013C59D /* UVDB.sqlite in Resources */ = {isa = PBXBuildFile; fileRef = 1B06236B13D9D9E70013C59D /* UVDB.sqlite */; };
		1B1A96CF13C08F5D001E2AD5 /* UIKit.framework in Frameworks */ = {isa = PBXBuildFile; fileRef = 1B1A96CE13C08F5D001E2AD5 /* UIKit.framework */; };
		1B1A96D113C08F5D001E2AD5 /* Foundation.framework in Frameworks */ = {isa = PBXBuildFile; fileRef = 1B1A96D013C08F5D001E2AD5 /* Foundation.framework */; };
		1B1A96D313C08F5D001E2AD5 /* CoreGraphics.framework in Frameworks */ = {isa = PBXBuildFile; fileRef = 1B1A96D213C08F5D001E2AD5 /* CoreGraphics.framework */; };
		1B1A96D913C08F5D001E2AD5 /* InfoPlist.strings in Resources */ = {isa = PBXBuildFile; fileRef = 1B1A96D713C08F5D001E2AD5 /* InfoPlist.strings */; };
		1B1A96DC13C08F5D001E2AD5 /* main.m in Sources */ = {isa = PBXBuildFile; fileRef = 1B1A96DB13C08F5D001E2AD5 /* main.m */; };
		1B1A96DF13C08F5D001E2AD5 /* UnicodeViewerAppDelegate.m in Sources */ = {isa = PBXBuildFile; fileRef = 1B1A96DE13C08F5D001E2AD5 /* UnicodeViewerAppDelegate.m */; };
		1B1A96E213C08F5D001E2AD5 /* MainWindow.xib in Resources */ = {isa = PBXBuildFile; fileRef = 1B1A96E013C08F5D001E2AD5 /* MainWindow.xib */; };
		1B1A96E813C08F5D001E2AD5 /* SecondViewController.m in Sources */ = {isa = PBXBuildFile; fileRef = 1B1A96E713C08F5D001E2AD5 /* SecondViewController.m */; };
		1B1A96EE13C08F5D001E2AD5 /* SecondView.xib in Resources */ = {isa = PBXBuildFile; fileRef = 1B1A96EC13C08F5D001E2AD5 /* SecondView.xib */; };
		1B1A96F513C08F5D001E2AD5 /* UIKit.framework in Frameworks */ = {isa = PBXBuildFile; fileRef = 1B1A96CE13C08F5D001E2AD5 /* UIKit.framework */; };
		1B1A96F613C08F5D001E2AD5 /* Foundation.framework in Frameworks */ = {isa = PBXBuildFile; fileRef = 1B1A96D013C08F5D001E2AD5 /* Foundation.framework */; };
		1B1A96F713C08F5D001E2AD5 /* CoreGraphics.framework in Frameworks */ = {isa = PBXBuildFile; fileRef = 1B1A96D213C08F5D001E2AD5 /* CoreGraphics.framework */; };
		1B1A96FF13C08F5D001E2AD5 /* InfoPlist.strings in Resources */ = {isa = PBXBuildFile; fileRef = 1B1A96FD13C08F5D001E2AD5 /* InfoPlist.strings */; };
		1B1A970213C08F5D001E2AD5 /* UnicodeViewerTests.h in Resources */ = {isa = PBXBuildFile; fileRef = 1B1A970113C08F5D001E2AD5 /* UnicodeViewerTests.h */; };
		1B1A970413C08F5D001E2AD5 /* UnicodeViewerTests.m in Sources */ = {isa = PBXBuildFile; fileRef = 1B1A970313C08F5D001E2AD5 /* UnicodeViewerTests.m */; };
		1B1A971013C09706001E2AD5 /* UnicodeListViewController.m in Sources */ = {isa = PBXBuildFile; fileRef = 1B1A970E13C09706001E2AD5 /* UnicodeListViewController.m */; };
		1B1A971113C09706001E2AD5 /* UnicodeListViewController.xib in Resources */ = {isa = PBXBuildFile; fileRef = 1B1A970F13C09706001E2AD5 /* UnicodeListViewController.xib */; };
		1B3F648213CEC5C80065917A /* UVModel.xcdatamodeld in Sources */ = {isa = PBXBuildFile; fileRef = 1B3F648013CEC5C80065917A /* UVModel.xcdatamodeld */; };
		1B3F648513CEC6190065917A /* UVBlock.m in Sources */ = {isa = PBXBuildFile; fileRef = 1B3F648413CEC6190065917A /* UVBlock.m */; };
		1B9E7DC713C0C62300ABD69D /* UnicodeDetailViewController.m in Sources */ = {isa = PBXBuildFile; fileRef = 1B9E7DC513C0C62300ABD69D /* UnicodeDetailViewController.m */; };
		1B9E7DC813C0C62300ABD69D /* UnicodeDetailViewController.xib in Resources */ = {isa = PBXBuildFile; fileRef = 1B9E7DC613C0C62300ABD69D /* UnicodeDetailViewController.xib */; };
		1B9E7DCC13C0D44000ABD69D /* CopyLabel.m in Sources */ = {isa = PBXBuildFile; fileRef = 1B9E7DCB13C0D44000ABD69D /* CopyLabel.m */; };
		1BAB62B113CF3FB100EC0827 /* UVChar.m in Sources */ = {isa = PBXBuildFile; fileRef = 1BAB62B013CF3FB100EC0827 /* UVChar.m */; };
		1BAB62B313CF3FDA00EC0827 /* uni-blocks-6.0.0.txt in Resources */ = {isa = PBXBuildFile; fileRef = 1BAB62B213CF3FDA00EC0827 /* uni-blocks-6.0.0.txt */; };
		1BAB62B513CF400A00EC0827 /* uni-grouped-6.0.0.xml in Resources */ = {isa = PBXBuildFile; fileRef = 1BAB62B413CF400A00EC0827 /* uni-grouped-6.0.0.xml */; };
		1BAB62B813CF40AE00EC0827 /* UVDataImporter.m in Sources */ = {isa = PBXBuildFile; fileRef = 1BAB62B713CF40AE00EC0827 /* UVDataImporter.m */; };
		1BAB62BC13CF429D00EC0827 /* UVBlockListViewController.m in Sources */ = {isa = PBXBuildFile; fileRef = 1BAB62BA13CF429D00EC0827 /* UVBlockListViewController.m */; };
		1BAB62BD13CF429D00EC0827 /* UVBlockListViewController.xib in Resources */ = {isa = PBXBuildFile; fileRef = 1BAB62BB13CF429D00EC0827 /* UVBlockListViewController.xib */; };
		1BCCF22113CC34D5002582FB /* star-d.png in Resources */ = {isa = PBXBuildFile; fileRef = 1BCCF21F13CC34D5002582FB /* star-d.png */; };
		1BCCF22213CC34D5002582FB /* heart-d.png in Resources */ = {isa = PBXBuildFile; fileRef = 1BCCF22013CC34D5002582FB /* heart-d.png */; };
		1BCCF22513CC3526002582FB /* tag-d.png in Resources */ = {isa = PBXBuildFile; fileRef = 1BCCF22413CC3526002582FB /* tag-d.png */; };
		1BCCF22813CC35D9002582FB /* star-l.png in Resources */ = {isa = PBXBuildFile; fileRef = 1BCCF22613CC35D9002582FB /* star-l.png */; };
		1BCCF22913CC35D9002582FB /* heart-l.png in Resources */ = {isa = PBXBuildFile; fileRef = 1BCCF22713CC35D9002582FB /* heart-l.png */; };
		1BD38F2913CA414B0017FC59 /* tag-l.png in Resources */ = {isa = PBXBuildFile; fileRef = 1BD38F2813CA414A0017FC59 /* tag-l.png */; };
		5563972813CC99CB00348B25 /* index-cards.png in Resources */ = {isa = PBXBuildFile; fileRef = 5563972713CC99CB00348B25 /* index-cards.png */; };
		5563972A13CC99E000348B25 /* cabinet.png in Resources */ = {isa = PBXBuildFile; fileRef = 5563972913CC99E000348B25 /* cabinet.png */; };
		5563972C13CC99F400348B25 /* shoebox.png in Resources */ = {isa = PBXBuildFile; fileRef = 5563972B13CC99F400348B25 /* shoebox.png */; };
		5563972E13CCA0EA00348B25 /* logo.ai in Resources */ = {isa = PBXBuildFile; fileRef = 5563972D13CCA0EA00348B25 /* logo.ai */; };
		5563973213CCA0F300348B25 /* logo-512x512.png in Resources */ = {isa = PBXBuildFile; fileRef = 5563972F13CCA0F300348B25 /* logo-512x512.png */; };
		5563973313CCA0F300348B25 /* logo-72x72.png in Resources */ = {isa = PBXBuildFile; fileRef = 5563973013CCA0F300348B25 /* logo-72x72.png */; };
		5563973413CCA0F300348B25 /* logo-57x57.png in Resources */ = {isa = PBXBuildFile; fileRef = 5563973113CCA0F300348B25 /* logo-57x57.png */; };
		559F3E0A13D0C83100874BE4 /* CoreData.framework in Frameworks */ = {isa = PBXBuildFile; fileRef = 559F3E0913D0C83100874BE4 /* CoreData.framework */; };
		559F3E0C13D0C85900874BE4 /* CoreData.framework in Frameworks */ = {isa = PBXBuildFile; fileRef = 559F3E0B13D0C85900874BE4 /* CoreData.framework */; };
		55BF533013D1EDAF000F4852 /* UVBlockRepository.m in Sources */ = {isa = PBXBuildFile; fileRef = 55BF532F13D1EDAF000F4852 /* UVBlockRepository.m */; };
/* End PBXBuildFile section */

/* Begin PBXContainerItemProxy section */
		1B1A96F813C08F5D001E2AD5 /* PBXContainerItemProxy */ = {
			isa = PBXContainerItemProxy;
			containerPortal = 1B1A96C113C08F5C001E2AD5 /* Project object */;
			proxyType = 1;
			remoteGlobalIDString = 1B1A96C913C08F5C001E2AD5;
			remoteInfo = UnicodeViewer;
		};
/* End PBXContainerItemProxy section */

/* Begin PBXFileReference section */
		1B04ADC513D947CD00ACE7D9 /* UVCharDataXMLImporterDelegate.h */ = {isa = PBXFileReference; fileEncoding = 4; lastKnownFileType = sourcecode.c.h; path = UVCharDataXMLImporterDelegate.h; sourceTree = "<group>"; };
		1B04ADC613D947CE00ACE7D9 /* UVCharDataXMLImporterDelegate.m */ = {isa = PBXFileReference; fileEncoding = 4; lastKnownFileType = sourcecode.c.objc; path = UVCharDataXMLImporterDelegate.m; sourceTree = "<group>"; };
		1B04ADC913D94FC200ACE7D9 /* UVCharRepository.h */ = {isa = PBXFileReference; fileEncoding = 4; lastKnownFileType = sourcecode.c.h; path = UVCharRepository.h; sourceTree = "<group>"; };
		1B04ADCA13D94FC200ACE7D9 /* UVCharRepository.m */ = {isa = PBXFileReference; fileEncoding = 4; lastKnownFileType = sourcecode.c.objc; path = UVCharRepository.m; sourceTree = "<group>"; };
		1B06236813D9CBC40013C59D /* UVCoreDataHelp.h */ = {isa = PBXFileReference; fileEncoding = 4; lastKnownFileType = sourcecode.c.h; path = UVCoreDataHelp.h; sourceTree = "<group>"; };
		1B06236913D9CBC40013C59D /* UVCoreDataHelp.m */ = {isa = PBXFileReference; fileEncoding = 4; lastKnownFileType = sourcecode.c.objc; path = UVCoreDataHelp.m; sourceTree = "<group>"; };
		1B06236B13D9D9E70013C59D /* UVDB.sqlite */ = {isa = PBXFileReference; lastKnownFileType = file; path = UVDB.sqlite; sourceTree = "<group>"; };
		1B1A96CA13C08F5D001E2AD5 /* UnicodeViewer.app */ = {isa = PBXFileReference; explicitFileType = wrapper.application; includeInIndex = 0; path = UnicodeViewer.app; sourceTree = BUILT_PRODUCTS_DIR; };
		1B1A96CE13C08F5D001E2AD5 /* UIKit.framework */ = {isa = PBXFileReference; lastKnownFileType = wrapper.framework; name = UIKit.framework; path = System/Library/Frameworks/UIKit.framework; sourceTree = SDKROOT; };
		1B1A96D013C08F5D001E2AD5 /* Foundation.framework */ = {isa = PBXFileReference; lastKnownFileType = wrapper.framework; name = Foundation.framework; path = System/Library/Frameworks/Foundation.framework; sourceTree = SDKROOT; };
		1B1A96D213C08F5D001E2AD5 /* CoreGraphics.framework */ = {isa = PBXFileReference; lastKnownFileType = wrapper.framework; name = CoreGraphics.framework; path = System/Library/Frameworks/CoreGraphics.framework; sourceTree = SDKROOT; };
		1B1A96D613C08F5D001E2AD5 /* UnicodeViewer-Info.plist */ = {isa = PBXFileReference; lastKnownFileType = text.plist.xml; path = "UnicodeViewer-Info.plist"; sourceTree = "<group>"; };
		1B1A96D813C08F5D001E2AD5 /* en */ = {isa = PBXFileReference; lastKnownFileType = text.plist.strings; name = en; path = en.lproj/InfoPlist.strings; sourceTree = "<group>"; };
		1B1A96DA13C08F5D001E2AD5 /* UnicodeViewer-Prefix.pch */ = {isa = PBXFileReference; lastKnownFileType = sourcecode.c.h; path = "UnicodeViewer-Prefix.pch"; sourceTree = "<group>"; };
		1B1A96DB13C08F5D001E2AD5 /* main.m */ = {isa = PBXFileReference; lastKnownFileType = sourcecode.c.objc; path = main.m; sourceTree = "<group>"; };
		1B1A96DD13C08F5D001E2AD5 /* UnicodeViewerAppDelegate.h */ = {isa = PBXFileReference; lastKnownFileType = sourcecode.c.h; path = UnicodeViewerAppDelegate.h; sourceTree = "<group>"; };
		1B1A96DE13C08F5D001E2AD5 /* UnicodeViewerAppDelegate.m */ = {isa = PBXFileReference; lastKnownFileType = sourcecode.c.objc; path = UnicodeViewerAppDelegate.m; sourceTree = "<group>"; };
		1B1A96E113C08F5D001E2AD5 /* en */ = {isa = PBXFileReference; lastKnownFileType = file.xib; name = en; path = en.lproj/MainWindow.xib; sourceTree = "<group>"; };
		1B1A96E613C08F5D001E2AD5 /* SecondViewController.h */ = {isa = PBXFileReference; lastKnownFileType = sourcecode.c.h; path = SecondViewController.h; sourceTree = "<group>"; };
		1B1A96E713C08F5D001E2AD5 /* SecondViewController.m */ = {isa = PBXFileReference; lastKnownFileType = sourcecode.c.objc; path = SecondViewController.m; sourceTree = "<group>"; };
		1B1A96ED13C08F5D001E2AD5 /* en */ = {isa = PBXFileReference; lastKnownFileType = file.xib; name = en; path = en.lproj/SecondView.xib; sourceTree = "<group>"; };
		1B1A96F413C08F5D001E2AD5 /* UnicodeViewerTests.octest */ = {isa = PBXFileReference; explicitFileType = wrapper.cfbundle; includeInIndex = 0; path = UnicodeViewerTests.octest; sourceTree = BUILT_PRODUCTS_DIR; };
		1B1A96FC13C08F5D001E2AD5 /* UnicodeViewerTests-Info.plist */ = {isa = PBXFileReference; lastKnownFileType = text.plist.xml; path = "UnicodeViewerTests-Info.plist"; sourceTree = "<group>"; };
		1B1A96FE13C08F5D001E2AD5 /* en */ = {isa = PBXFileReference; lastKnownFileType = text.plist.strings; name = en; path = en.lproj/InfoPlist.strings; sourceTree = "<group>"; };
		1B1A970013C08F5D001E2AD5 /* UnicodeViewerTests-Prefix.pch */ = {isa = PBXFileReference; lastKnownFileType = sourcecode.c.h; path = "UnicodeViewerTests-Prefix.pch"; sourceTree = "<group>"; };
		1B1A970113C08F5D001E2AD5 /* UnicodeViewerTests.h */ = {isa = PBXFileReference; lastKnownFileType = sourcecode.c.h; path = UnicodeViewerTests.h; sourceTree = "<group>"; };
		1B1A970313C08F5D001E2AD5 /* UnicodeViewerTests.m */ = {isa = PBXFileReference; lastKnownFileType = sourcecode.c.objc; path = UnicodeViewerTests.m; sourceTree = "<group>"; };
		1B1A970D13C09706001E2AD5 /* UnicodeListViewController.h */ = {isa = PBXFileReference; fileEncoding = 4; lastKnownFileType = sourcecode.c.h; path = UnicodeListViewController.h; sourceTree = "<group>"; };
		1B1A970E13C09706001E2AD5 /* UnicodeListViewController.m */ = {isa = PBXFileReference; fileEncoding = 4; lastKnownFileType = sourcecode.c.objc; path = UnicodeListViewController.m; sourceTree = "<group>"; };
		1B1A970F13C09706001E2AD5 /* UnicodeListViewController.xib */ = {isa = PBXFileReference; fileEncoding = 4; lastKnownFileType = file.xib; path = UnicodeListViewController.xib; sourceTree = "<group>"; };
		1B3F648113CEC5C80065917A /* UVModel.xcdatamodel */ = {isa = PBXFileReference; lastKnownFileType = wrapper.xcdatamodel; path = UVModel.xcdatamodel; sourceTree = "<group>"; };
		1B3F648313CEC6190065917A /* UVBlock.h */ = {isa = PBXFileReference; fileEncoding = 4; lastKnownFileType = sourcecode.c.h; path = UVBlock.h; sourceTree = "<group>"; };
		1B3F648413CEC6190065917A /* UVBlock.m */ = {isa = PBXFileReference; fileEncoding = 4; lastKnownFileType = sourcecode.c.objc; path = UVBlock.m; sourceTree = "<group>"; };
		1B9E7DC413C0C62300ABD69D /* UnicodeDetailViewController.h */ = {isa = PBXFileReference; fileEncoding = 4; lastKnownFileType = sourcecode.c.h; path = UnicodeDetailViewController.h; sourceTree = "<group>"; };
		1B9E7DC513C0C62300ABD69D /* UnicodeDetailViewController.m */ = {isa = PBXFileReference; fileEncoding = 4; lastKnownFileType = sourcecode.c.objc; path = UnicodeDetailViewController.m; sourceTree = "<group>"; };
		1B9E7DC613C0C62300ABD69D /* UnicodeDetailViewController.xib */ = {isa = PBXFileReference; fileEncoding = 4; lastKnownFileType = file.xib; path = UnicodeDetailViewController.xib; sourceTree = "<group>"; };
		1B9E7DCA13C0D44000ABD69D /* CopyLabel.h */ = {isa = PBXFileReference; fileEncoding = 4; lastKnownFileType = sourcecode.c.h; path = CopyLabel.h; sourceTree = "<group>"; };
		1B9E7DCB13C0D44000ABD69D /* CopyLabel.m */ = {isa = PBXFileReference; fileEncoding = 4; lastKnownFileType = sourcecode.c.objc; path = CopyLabel.m; sourceTree = "<group>"; };
		1BAB62AF13CF3FB100EC0827 /* UVChar.h */ = {isa = PBXFileReference; fileEncoding = 4; lastKnownFileType = sourcecode.c.h; path = UVChar.h; sourceTree = "<group>"; };
		1BAB62B013CF3FB100EC0827 /* UVChar.m */ = {isa = PBXFileReference; fileEncoding = 4; lastKnownFileType = sourcecode.c.objc; path = UVChar.m; sourceTree = "<group>"; };
		1BAB62B213CF3FDA00EC0827 /* uni-blocks-6.0.0.txt */ = {isa = PBXFileReference; fileEncoding = 4; lastKnownFileType = text; path = "uni-blocks-6.0.0.txt"; sourceTree = "<group>"; };
		1BAB62B413CF400A00EC0827 /* uni-grouped-6.0.0.xml */ = {isa = PBXFileReference; fileEncoding = 4; lastKnownFileType = text.xml; path = "uni-grouped-6.0.0.xml"; sourceTree = "<group>"; };
		1BAB62B613CF40AE00EC0827 /* UVDataImporter.h */ = {isa = PBXFileReference; fileEncoding = 4; lastKnownFileType = sourcecode.c.h; path = UVDataImporter.h; sourceTree = "<group>"; };
		1BAB62B713CF40AE00EC0827 /* UVDataImporter.m */ = {isa = PBXFileReference; fileEncoding = 4; lastKnownFileType = sourcecode.c.objc; path = UVDataImporter.m; sourceTree = "<group>"; };
		1BAB62B913CF429C00EC0827 /* UVBlockListViewController.h */ = {isa = PBXFileReference; fileEncoding = 4; lastKnownFileType = sourcecode.c.h; path = UVBlockListViewController.h; sourceTree = "<group>"; };
		1BAB62BA13CF429D00EC0827 /* UVBlockListViewController.m */ = {isa = PBXFileReference; fileEncoding = 4; lastKnownFileType = sourcecode.c.objc; path = UVBlockListViewController.m; sourceTree = "<group>"; };
		1BAB62BB13CF429D00EC0827 /* UVBlockListViewController.xib */ = {isa = PBXFileReference; fileEncoding = 4; lastKnownFileType = file.xib; path = UVBlockListViewController.xib; sourceTree = "<group>"; };
		1BCCF21F13CC34D5002582FB /* star-d.png */ = {isa = PBXFileReference; lastKnownFileType = image.png; path = "star-d.png"; sourceTree = "<group>"; };
		1BCCF22013CC34D5002582FB /* heart-d.png */ = {isa = PBXFileReference; lastKnownFileType = image.png; path = "heart-d.png"; sourceTree = "<group>"; };
		1BCCF22413CC3526002582FB /* tag-d.png */ = {isa = PBXFileReference; lastKnownFileType = image.png; path = "tag-d.png"; sourceTree = "<group>"; };
		1BCCF22613CC35D9002582FB /* star-l.png */ = {isa = PBXFileReference; lastKnownFileType = image.png; path = "star-l.png"; sourceTree = "<group>"; };
		1BCCF22713CC35D9002582FB /* heart-l.png */ = {isa = PBXFileReference; lastKnownFileType = image.png; path = "heart-l.png"; sourceTree = "<group>"; };
		1BD38F2813CA414A0017FC59 /* tag-l.png */ = {isa = PBXFileReference; lastKnownFileType = image.png; path = "tag-l.png"; sourceTree = "<group>"; };
		5563972713CC99CB00348B25 /* index-cards.png */ = {isa = PBXFileReference; lastKnownFileType = image.png; path = "index-cards.png"; sourceTree = "<group>"; };
		5563972913CC99E000348B25 /* cabinet.png */ = {isa = PBXFileReference; lastKnownFileType = image.png; path = cabinet.png; sourceTree = "<group>"; };
		5563972B13CC99F400348B25 /* shoebox.png */ = {isa = PBXFileReference; lastKnownFileType = image.png; path = shoebox.png; sourceTree = "<group>"; };
		5563972D13CCA0EA00348B25 /* logo.ai */ = {isa = PBXFileReference; fileEncoding = 4; lastKnownFileType = text; path = logo.ai; sourceTree = "<group>"; };
		5563972F13CCA0F300348B25 /* logo-512x512.png */ = {isa = PBXFileReference; lastKnownFileType = image.png; path = "logo-512x512.png"; sourceTree = "<group>"; };
		5563973013CCA0F300348B25 /* logo-72x72.png */ = {isa = PBXFileReference; lastKnownFileType = image.png; path = "logo-72x72.png"; sourceTree = "<group>"; };
		5563973113CCA0F300348B25 /* logo-57x57.png */ = {isa = PBXFileReference; lastKnownFileType = image.png; path = "logo-57x57.png"; sourceTree = "<group>"; };
		559F3E0913D0C83100874BE4 /* CoreData.framework */ = {isa = PBXFileReference; lastKnownFileType = wrapper.framework; name = CoreData.framework; path = System/Library/Frameworks/CoreData.framework; sourceTree = SDKROOT; };
		559F3E0B13D0C85900874BE4 /* CoreData.framework */ = {isa = PBXFileReference; lastKnownFileType = wrapper.framework; name = CoreData.framework; path = System/Library/Frameworks/CoreData.framework; sourceTree = SDKROOT; };
		55BF532E13D1EDAF000F4852 /* UVBlockRepository.h */ = {isa = PBXFileReference; fileEncoding = 4; lastKnownFileType = sourcecode.c.h; path = UVBlockRepository.h; sourceTree = "<group>"; };
		55BF532F13D1EDAF000F4852 /* UVBlockRepository.m */ = {isa = PBXFileReference; fileEncoding = 4; lastKnownFileType = sourcecode.c.objc; path = UVBlockRepository.m; sourceTree = "<group>"; };
/* End PBXFileReference section */

/* Begin PBXFrameworksBuildPhase section */
		1B1A96C713C08F5C001E2AD5 /* Frameworks */ = {
			isa = PBXFrameworksBuildPhase;
			buildActionMask = 2147483647;
			files = (
				1B1A96CF13C08F5D001E2AD5 /* UIKit.framework in Frameworks */,
				1B1A96D113C08F5D001E2AD5 /* Foundation.framework in Frameworks */,
				1B1A96D313C08F5D001E2AD5 /* CoreGraphics.framework in Frameworks */,
				559F3E0A13D0C83100874BE4 /* CoreData.framework in Frameworks */,
			);
			runOnlyForDeploymentPostprocessing = 0;
		};
		1B1A96F013C08F5D001E2AD5 /* Frameworks */ = {
			isa = PBXFrameworksBuildPhase;
			buildActionMask = 2147483647;
			files = (
				1B1A96F513C08F5D001E2AD5 /* UIKit.framework in Frameworks */,
				1B1A96F613C08F5D001E2AD5 /* Foundation.framework in Frameworks */,
				1B1A96F713C08F5D001E2AD5 /* CoreGraphics.framework in Frameworks */,
				559F3E0C13D0C85900874BE4 /* CoreData.framework in Frameworks */,
			);
			runOnlyForDeploymentPostprocessing = 0;
		};
/* End PBXFrameworksBuildPhase section */

/* Begin PBXGroup section */
		1B06236513D9CB220013C59D /* Dataaccess */ = {
			isa = PBXGroup;
			children = (
				1B04ADC513D947CD00ACE7D9 /* UVCharDataXMLImporterDelegate.h */,
				1B04ADC613D947CE00ACE7D9 /* UVCharDataXMLImporterDelegate.m */,
				1BAB62B613CF40AE00EC0827 /* UVDataImporter.h */,
				1BAB62B713CF40AE00EC0827 /* UVDataImporter.m */,
				55BF532E13D1EDAF000F4852 /* UVBlockRepository.h */,
				55BF532F13D1EDAF000F4852 /* UVBlockRepository.m */,
				1B04ADC913D94FC200ACE7D9 /* UVCharRepository.h */,
				1B04ADCA13D94FC200ACE7D9 /* UVCharRepository.m */,
				1B06236813D9CBC40013C59D /* UVCoreDataHelp.h */,
				1B06236913D9CBC40013C59D /* UVCoreDataHelp.m */,
			);
			name = Dataaccess;
			sourceTree = "<group>";
		};
		1B06236713D9CB7C0013C59D /* GUI */ = {
			isa = PBXGroup;
			children = (
				1B1A970D13C09706001E2AD5 /* UnicodeListViewController.h */,
				1B1A970E13C09706001E2AD5 /* UnicodeListViewController.m */,
				1B1A970F13C09706001E2AD5 /* UnicodeListViewController.xib */,
				1B9E7DC413C0C62300ABD69D /* UnicodeDetailViewController.h */,
				1B9E7DC513C0C62300ABD69D /* UnicodeDetailViewController.m */,
				1B9E7DC613C0C62300ABD69D /* UnicodeDetailViewController.xib */,
				1BAB62B913CF429C00EC0827 /* UVBlockListViewController.h */,
				1BAB62BA13CF429D00EC0827 /* UVBlockListViewController.m */,
				1BAB62BB13CF429D00EC0827 /* UVBlockListViewController.xib */,
				1B1A96E013C08F5D001E2AD5 /* MainWindow.xib */,
				1B1A96E613C08F5D001E2AD5 /* SecondViewController.h */,
				1B1A96E713C08F5D001E2AD5 /* SecondViewController.m */,
				1B1A96EC13C08F5D001E2AD5 /* SecondView.xib */,
			);
			name = GUI;
			sourceTree = "<group>";
		};
		1B1A96BF13C08F5C001E2AD5 = {
			isa = PBXGroup;
			children = (
				1B1A96D413C08F5D001E2AD5 /* UnicodeViewer */,
				1B1A96FA13C08F5D001E2AD5 /* UnicodeViewerTests */,
				1B1A96CD13C08F5D001E2AD5 /* Frameworks */,
				1B1A96CB13C08F5D001E2AD5 /* Products */,
			);
			sourceTree = "<group>";
		};
		1B1A96CB13C08F5D001E2AD5 /* Products */ = {
			isa = PBXGroup;
			children = (
				1B1A96CA13C08F5D001E2AD5 /* UnicodeViewer.app */,
				1B1A96F413C08F5D001E2AD5 /* UnicodeViewerTests.octest */,
			);
			name = Products;
			sourceTree = "<group>";
		};
		1B1A96CD13C08F5D001E2AD5 /* Frameworks */ = {
			isa = PBXGroup;
			children = (
				559F3E0B13D0C85900874BE4 /* CoreData.framework */,
				559F3E0913D0C83100874BE4 /* CoreData.framework */,
				1B1A96CE13C08F5D001E2AD5 /* UIKit.framework */,
				1B1A96D013C08F5D001E2AD5 /* Foundation.framework */,
				1B1A96D213C08F5D001E2AD5 /* CoreGraphics.framework */,
			);
			name = Frameworks;
			sourceTree = "<group>";
		};
		1B1A96D413C08F5D001E2AD5 /* UnicodeViewer */ = {
			isa = PBXGroup;
			children = (
				1B06236713D9CB7C0013C59D /* GUI */,
				1B06236513D9CB220013C59D /* Dataaccess */,
				1BAC57B613CD66AB00B3B889 /* Model */,
				5563972513CC99B000348B25 /* 3rdparty */,
				1BD38F2413CA3ED00017FC59 /* Resources */,
				1B1A96DD13C08F5D001E2AD5 /* UnicodeViewerAppDelegate.h */,
				1B1A96DE13C08F5D001E2AD5 /* UnicodeViewerAppDelegate.m */,
				1B1A96D513C08F5D001E2AD5 /* Supporting Files */,
			);
			path = UnicodeViewer;
			sourceTree = "<group>";
		};
		1B1A96D513C08F5D001E2AD5 /* Supporting Files */ = {
			isa = PBXGroup;
			children = (
				1B1A96D613C08F5D001E2AD5 /* UnicodeViewer-Info.plist */,
				1B1A96D713C08F5D001E2AD5 /* InfoPlist.strings */,
				1B1A96DA13C08F5D001E2AD5 /* UnicodeViewer-Prefix.pch */,
				1B1A96DB13C08F5D001E2AD5 /* main.m */,
			);
			name = "Supporting Files";
			sourceTree = "<group>";
		};
		1B1A96FA13C08F5D001E2AD5 /* UnicodeViewerTests */ = {
			isa = PBXGroup;
			children = (
				1B1A970113C08F5D001E2AD5 /* UnicodeViewerTests.h */,
				1B1A970313C08F5D001E2AD5 /* UnicodeViewerTests.m */,
				1B1A96FB13C08F5D001E2AD5 /* Supporting Files */,
			);
			path = UnicodeViewerTests;
			sourceTree = "<group>";
		};
		1B1A96FB13C08F5D001E2AD5 /* Supporting Files */ = {
			isa = PBXGroup;
			children = (
				1B1A96FC13C08F5D001E2AD5 /* UnicodeViewerTests-Info.plist */,
				1B1A96FD13C08F5D001E2AD5 /* InfoPlist.strings */,
				1B1A970013C08F5D001E2AD5 /* UnicodeViewerTests-Prefix.pch */,
			);
			name = "Supporting Files";
			sourceTree = "<group>";
		};
		1BAC57B613CD66AB00B3B889 /* Model */ = {
			isa = PBXGroup;
			children = (
				1B3F648013CEC5C80065917A /* UVModel.xcdatamodeld */,
				1BAB62AF13CF3FB100EC0827 /* UVChar.h */,
				1BAB62B013CF3FB100EC0827 /* UVChar.m */,
				1B3F648313CEC6190065917A /* UVBlock.h */,
				1B3F648413CEC6190065917A /* UVBlock.m */,
			);
			name = Model;
			sourceTree = "<group>";
		};
		1BD38F2413CA3ED00017FC59 /* Resources */ = {
			isa = PBXGroup;
			children = (
				1B06236B13D9D9E70013C59D /* UVDB.sqlite */,
				1BAB62B413CF400A00EC0827 /* uni-grouped-6.0.0.xml */,
				1BAB62B213CF3FDA00EC0827 /* uni-blocks-6.0.0.txt */,
				5563972F13CCA0F300348B25 /* logo-512x512.png */,
				5563973013CCA0F300348B25 /* logo-72x72.png */,
				5563973113CCA0F300348B25 /* logo-57x57.png */,
				5563972D13CCA0EA00348B25 /* logo.ai */,
				5563972B13CC99F400348B25 /* shoebox.png */,
				5563972913CC99E000348B25 /* cabinet.png */,
				5563972713CC99CB00348B25 /* index-cards.png */,
				1BCCF22613CC35D9002582FB /* star-l.png */,
				1BCCF22713CC35D9002582FB /* heart-l.png */,
				1BCCF21F13CC34D5002582FB /* star-d.png */,
				1BCCF22013CC34D5002582FB /* heart-d.png */,
				1BD38F2813CA414A0017FC59 /* tag-l.png */,
				1BCCF22413CC3526002582FB /* tag-d.png */,
			);
			name = Resources;
			sourceTree = "<group>";
		};
		5563972513CC99B000348B25 /* 3rdparty */ = {
			isa = PBXGroup;
			children = (
				1B9E7DCA13C0D44000ABD69D /* CopyLabel.h */,
				1B9E7DCB13C0D44000ABD69D /* CopyLabel.m */,
			);
			name = 3rdparty;
			sourceTree = "<group>";
		};
/* End PBXGroup section */

/* Begin PBXNativeTarget section */
		1B1A96C913C08F5C001E2AD5 /* UnicodeViewer */ = {
			isa = PBXNativeTarget;
			buildConfigurationList = 1B1A970713C08F5D001E2AD5 /* Build configuration list for PBXNativeTarget "UnicodeViewer" */;
			buildPhases = (
				1B1A96C613C08F5C001E2AD5 /* Sources */,
				1B1A96C713C08F5C001E2AD5 /* Frameworks */,
				1B1A96C813C08F5C001E2AD5 /* Resources */,
			);
			buildRules = (
			);
			dependencies = (
			);
			name = UnicodeViewer;
			productName = UnicodeViewer;
			productReference = 1B1A96CA13C08F5D001E2AD5 /* UnicodeViewer.app */;
			productType = "com.apple.product-type.application";
		};
		1B1A96F313C08F5D001E2AD5 /* UnicodeViewerTests */ = {
			isa = PBXNativeTarget;
			buildConfigurationList = 1B1A970A13C08F5D001E2AD5 /* Build configuration list for PBXNativeTarget "UnicodeViewerTests" */;
			buildPhases = (
				1B1A96EF13C08F5D001E2AD5 /* Sources */,
				1B1A96F013C08F5D001E2AD5 /* Frameworks */,
				1B1A96F113C08F5D001E2AD5 /* Resources */,
				1B1A96F213C08F5D001E2AD5 /* ShellScript */,
			);
			buildRules = (
			);
			dependencies = (
				1B1A96F913C08F5D001E2AD5 /* PBXTargetDependency */,
			);
			name = UnicodeViewerTests;
			productName = UnicodeViewerTests;
			productReference = 1B1A96F413C08F5D001E2AD5 /* UnicodeViewerTests.octest */;
			productType = "com.apple.product-type.bundle";
		};
/* End PBXNativeTarget section */

/* Begin PBXProject section */
		1B1A96C113C08F5C001E2AD5 /* Project object */ = {
			isa = PBXProject;
			buildConfigurationList = 1B1A96C413C08F5C001E2AD5 /* Build configuration list for PBXProject "UnicodeViewer" */;
			compatibilityVersion = "Xcode 3.2";
			developmentRegion = English;
			hasScannedForEncodings = 0;
			knownRegions = (
				en,
			);
			mainGroup = 1B1A96BF13C08F5C001E2AD5;
			productRefGroup = 1B1A96CB13C08F5D001E2AD5 /* Products */;
			projectDirPath = "";
			projectRoot = "";
			targets = (
				1B1A96C913C08F5C001E2AD5 /* UnicodeViewer */,
				1B1A96F313C08F5D001E2AD5 /* UnicodeViewerTests */,
			);
		};
/* End PBXProject section */

/* Begin PBXResourcesBuildPhase section */
		1B1A96C813C08F5C001E2AD5 /* Resources */ = {
			isa = PBXResourcesBuildPhase;
			buildActionMask = 2147483647;
			files = (
				1B1A96D913C08F5D001E2AD5 /* InfoPlist.strings in Resources */,
				1B1A96E213C08F5D001E2AD5 /* MainWindow.xib in Resources */,
				1B1A96EE13C08F5D001E2AD5 /* SecondView.xib in Resources */,
				1B1A971113C09706001E2AD5 /* UnicodeListViewController.xib in Resources */,
				1B9E7DC813C0C62300ABD69D /* UnicodeDetailViewController.xib in Resources */,
				1BD38F2913CA414B0017FC59 /* tag-l.png in Resources */,
				1BCCF22113CC34D5002582FB /* star-d.png in Resources */,
				1BCCF22213CC34D5002582FB /* heart-d.png in Resources */,
				1BCCF22513CC3526002582FB /* tag-d.png in Resources */,
				1BCCF22813CC35D9002582FB /* star-l.png in Resources */,
				1BCCF22913CC35D9002582FB /* heart-l.png in Resources */,
				5563972813CC99CB00348B25 /* index-cards.png in Resources */,
				5563972A13CC99E000348B25 /* cabinet.png in Resources */,
				5563972C13CC99F400348B25 /* shoebox.png in Resources */,
				5563972E13CCA0EA00348B25 /* logo.ai in Resources */,
				5563973213CCA0F300348B25 /* logo-512x512.png in Resources */,
				5563973313CCA0F300348B25 /* logo-72x72.png in Resources */,
				5563973413CCA0F300348B25 /* logo-57x57.png in Resources */,
				1BAB62B313CF3FDA00EC0827 /* uni-blocks-6.0.0.txt in Resources */,
				1BAB62B513CF400A00EC0827 /* uni-grouped-6.0.0.xml in Resources */,
				1BAB62BD13CF429D00EC0827 /* UVBlockListViewController.xib in Resources */,
				1B06236C13D9D9E70013C59D /* UVDB.sqlite in Resources */,
			);
			runOnlyForDeploymentPostprocessing = 0;
		};
		1B1A96F113C08F5D001E2AD5 /* Resources */ = {
			isa = PBXResourcesBuildPhase;
			buildActionMask = 2147483647;
			files = (
				1B1A96FF13C08F5D001E2AD5 /* InfoPlist.strings in Resources */,
				1B1A970213C08F5D001E2AD5 /* UnicodeViewerTests.h in Resources */,
			);
			runOnlyForDeploymentPostprocessing = 0;
		};
/* End PBXResourcesBuildPhase section */

/* Begin PBXShellScriptBuildPhase section */
		1B1A96F213C08F5D001E2AD5 /* ShellScript */ = {
			isa = PBXShellScriptBuildPhase;
			buildActionMask = 2147483647;
			files = (
			);
			inputPaths = (
			);
			outputPaths = (
			);
			runOnlyForDeploymentPostprocessing = 0;
			shellPath = /bin/sh;
			shellScript = "# Run the unit tests in this test bundle.\n\"${SYSTEM_DEVELOPER_DIR}/Tools/RunUnitTests\"\n";
		};
/* End PBXShellScriptBuildPhase section */

/* Begin PBXSourcesBuildPhase section */
		1B1A96C613C08F5C001E2AD5 /* Sources */ = {
			isa = PBXSourcesBuildPhase;
			buildActionMask = 2147483647;
			files = (
				1B1A96DC13C08F5D001E2AD5 /* main.m in Sources */,
				1B1A96DF13C08F5D001E2AD5 /* UnicodeViewerAppDelegate.m in Sources */,
				1B1A96E813C08F5D001E2AD5 /* SecondViewController.m in Sources */,
				1B1A971013C09706001E2AD5 /* UnicodeListViewController.m in Sources */,
				1B9E7DC713C0C62300ABD69D /* UnicodeDetailViewController.m in Sources */,
				1B9E7DCC13C0D44000ABD69D /* CopyLabel.m in Sources */,
				1B3F648213CEC5C80065917A /* UVModel.xcdatamodeld in Sources */,
				1B3F648513CEC6190065917A /* UVBlock.m in Sources */,
				1BAB62B113CF3FB100EC0827 /* UVChar.m in Sources */,
				1BAB62B813CF40AE00EC0827 /* UVDataImporter.m in Sources */,
				1BAB62BC13CF429D00EC0827 /* UVBlockListViewController.m in Sources */,
				55BF533013D1EDAF000F4852 /* UVBlockRepository.m in Sources */,
				1B04ADC713D947CE00ACE7D9 /* UVCharDataXMLImporterDelegate.m in Sources */,
				1B04ADCB13D94FC200ACE7D9 /* UVCharRepository.m in Sources */,
				1B06236A13D9CBC40013C59D /* UVCoreDataHelp.m in Sources */,
			);
			runOnlyForDeploymentPostprocessing = 0;
		};
		1B1A96EF13C08F5D001E2AD5 /* Sources */ = {
			isa = PBXSourcesBuildPhase;
			buildActionMask = 2147483647;
			files = (
				1B1A970413C08F5D001E2AD5 /* UnicodeViewerTests.m in Sources */,
			);
			runOnlyForDeploymentPostprocessing = 0;
		};
/* End PBXSourcesBuildPhase section */

/* Begin PBXTargetDependency section */
		1B1A96F913C08F5D001E2AD5 /* PBXTargetDependency */ = {
			isa = PBXTargetDependency;
			target = 1B1A96C913C08F5C001E2AD5 /* UnicodeViewer */;
			targetProxy = 1B1A96F813C08F5D001E2AD5 /* PBXContainerItemProxy */;
		};
/* End PBXTargetDependency section */

/* Begin PBXVariantGroup section */
		1B1A96D713C08F5D001E2AD5 /* InfoPlist.strings */ = {
			isa = PBXVariantGroup;
			children = (
				1B1A96D813C08F5D001E2AD5 /* en */,
			);
			name = InfoPlist.strings;
			sourceTree = "<group>";
		};
		1B1A96E013C08F5D001E2AD5 /* MainWindow.xib */ = {
			isa = PBXVariantGroup;
			children = (
				1B1A96E113C08F5D001E2AD5 /* en */,
			);
			name = MainWindow.xib;
			sourceTree = "<group>";
		};
		1B1A96EC13C08F5D001E2AD5 /* SecondView.xib */ = {
			isa = PBXVariantGroup;
			children = (
				1B1A96ED13C08F5D001E2AD5 /* en */,
			);
			name = SecondView.xib;
			sourceTree = "<group>";
		};
		1B1A96FD13C08F5D001E2AD5 /* InfoPlist.strings */ = {
			isa = PBXVariantGroup;
			children = (
				1B1A96FE13C08F5D001E2AD5 /* en */,
			);
			name = InfoPlist.strings;
			sourceTree = "<group>";
		};
/* End PBXVariantGroup section */

/* Begin XCBuildConfiguration section */
		1B1A970513C08F5D001E2AD5 /* Debug */ = {
			isa = XCBuildConfiguration;
			buildSettings = {
				ARCHS = "$(ARCHS_STANDARD_32_BIT)";
				"CODE_SIGN_IDENTITY[sdk=iphoneos*]" = "iPhone Developer";
				GCC_C_LANGUAGE_STANDARD = gnu99;
				GCC_OPTIMIZATION_LEVEL = 0;
				GCC_PREPROCESSOR_DEFINITIONS = DEBUG;
				GCC_SYMBOLS_PRIVATE_EXTERN = NO;
				GCC_VERSION = com.apple.compilers.llvmgcc42;
				GCC_WARN_ABOUT_RETURN_TYPE = YES;
				GCC_WARN_UNUSED_VARIABLE = YES;
				IPHONEOS_DEPLOYMENT_TARGET = 4.3;
				SDKROOT = iphoneos;
			};
			name = Debug;
		};
		1B1A970613C08F5D001E2AD5 /* Release */ = {
			isa = XCBuildConfiguration;
			buildSettings = {
				ARCHS = "$(ARCHS_STANDARD_32_BIT)";
				"CODE_SIGN_IDENTITY[sdk=iphoneos*]" = "iPhone Developer";
				GCC_C_LANGUAGE_STANDARD = gnu99;
				GCC_VERSION = com.apple.compilers.llvmgcc42;
				GCC_WARN_ABOUT_RETURN_TYPE = YES;
				GCC_WARN_UNUSED_VARIABLE = YES;
				IPHONEOS_DEPLOYMENT_TARGET = 4.3;
				OTHER_CFLAGS = "-DNS_BLOCK_ASSERTIONS=1";
				SDKROOT = iphoneos;
			};
			name = Release;
		};
		1B1A970813C08F5D001E2AD5 /* Debug */ = {
			isa = XCBuildConfiguration;
			buildSettings = {
				ALWAYS_SEARCH_USER_PATHS = NO;
				COPY_PHASE_STRIP = NO;
				GCC_DYNAMIC_NO_PIC = NO;
				GCC_PRECOMPILE_PREFIX_HEADER = YES;
				GCC_PREFIX_HEADER = "UnicodeViewer/UnicodeViewer-Prefix.pch";
				INFOPLIST_FILE = "UnicodeViewer/UnicodeViewer-Info.plist";
				PRODUCT_NAME = "$(TARGET_NAME)";
				WRAPPER_EXTENSION = app;
			};
			name = Debug;
		};
		1B1A970913C08F5D001E2AD5 /* Release */ = {
			isa = XCBuildConfiguration;
			buildSettings = {
				ALWAYS_SEARCH_USER_PATHS = NO;
				COPY_PHASE_STRIP = YES;
				GCC_PRECOMPILE_PREFIX_HEADER = YES;
				GCC_PREFIX_HEADER = "UnicodeViewer/UnicodeViewer-Prefix.pch";
				INFOPLIST_FILE = "UnicodeViewer/UnicodeViewer-Info.plist";
				PRODUCT_NAME = "$(TARGET_NAME)";
				VALIDATE_PRODUCT = YES;
				WRAPPER_EXTENSION = app;
			};
			name = Release;
		};
		1B1A970B13C08F5D001E2AD5 /* Debug */ = {
			isa = XCBuildConfiguration;
			buildSettings = {
				ALWAYS_SEARCH_USER_PATHS = NO;
				BUNDLE_LOADER = "$(BUILT_PRODUCTS_DIR)/UnicodeViewer.app/UnicodeViewer";
				FRAMEWORK_SEARCH_PATHS = (
					"$(SDKROOT)/Developer/Library/Frameworks",
					"$(DEVELOPER_LIBRARY_DIR)/Frameworks",
				);
				GCC_PRECOMPILE_PREFIX_HEADER = YES;
				GCC_PREFIX_HEADER = "UnicodeViewerTests/UnicodeViewerTests-Prefix.pch";
				INFOPLIST_FILE = "UnicodeViewerTests/UnicodeViewerTests-Info.plist";
				OTHER_LDFLAGS = (
					"-framework",
					SenTestingKit,
				);
				PRODUCT_NAME = "$(TARGET_NAME)";
				TEST_HOST = "$(BUNDLE_LOADER)";
				WRAPPER_EXTENSION = octest;
			};
			name = Debug;
		};
		1B1A970C13C08F5D001E2AD5 /* Release */ = {
			isa = XCBuildConfiguration;
			buildSettings = {
				ALWAYS_SEARCH_USER_PATHS = NO;
				BUNDLE_LOADER = "$(BUILT_PRODUCTS_DIR)/UnicodeViewer.app/UnicodeViewer";
				FRAMEWORK_SEARCH_PATHS = (
					"$(SDKROOT)/Developer/Library/Frameworks",
					"$(DEVELOPER_LIBRARY_DIR)/Frameworks",
				);
				GCC_PRECOMPILE_PREFIX_HEADER = YES;
				GCC_PREFIX_HEADER = "UnicodeViewerTests/UnicodeViewerTests-Prefix.pch";
				INFOPLIST_FILE = "UnicodeViewerTests/UnicodeViewerTests-Info.plist";
				OTHER_LDFLAGS = (
					"-framework",
					SenTestingKit,
				);
				PRODUCT_NAME = "$(TARGET_NAME)";
				TEST_HOST = "$(BUNDLE_LOADER)";
				WRAPPER_EXTENSION = octest;
			};
			name = Release;
		};
/* End XCBuildConfiguration section */

/* Begin XCConfigurationList section */
		1B1A96C413C08F5C001E2AD5 /* Build configuration list for PBXProject "UnicodeViewer" */ = {
			isa = XCConfigurationList;
			buildConfigurations = (
				1B1A970513C08F5D001E2AD5 /* Debug */,
				1B1A970613C08F5D001E2AD5 /* Release */,
			);
			defaultConfigurationIsVisible = 0;
			defaultConfigurationName = Release;
		};
		1B1A970713C08F5D001E2AD5 /* Build configuration list for PBXNativeTarget "UnicodeViewer" */ = {
			isa = XCConfigurationList;
			buildConfigurations = (
				1B1A970813C08F5D001E2AD5 /* Debug */,
				1B1A970913C08F5D001E2AD5 /* Release */,
			);
			defaultConfigurationIsVisible = 0;
			defaultConfigurationName = Release;
		};
		1B1A970A13C08F5D001E2AD5 /* Build configuration list for PBXNativeTarget "UnicodeViewerTests" */ = {
			isa = XCConfigurationList;
			buildConfigurations = (
				1B1A970B13C08F5D001E2AD5 /* Debug */,
				1B1A970C13C08F5D001E2AD5 /* Release */,
			);
			defaultConfigurationIsVisible = 0;
			defaultConfigurationName = Release;
		};
/* End XCConfigurationList section */

/* Begin XCVersionGroup section */
		1B3F648013CEC5C80065917A /* UVModel.xcdatamodeld */ = {
			isa = XCVersionGroup;
			children = (
				1B3F648113CEC5C80065917A /* UVModel.xcdatamodel */,
			);
			currentVersion = 1B3F648113CEC5C80065917A /* UVModel.xcdatamodel */;
			path = UVModel.xcdatamodeld;
			sourceTree = "<group>";
			versionGroupType = wrapper.xcdatamodel;
		};
/* End XCVersionGroup section */
	};
	rootObject = 1B1A96C113C08F5C001E2AD5 /* Project object */;
}
